// !$*UTF8*$!
{
	archiveVersion = 1;
	classes = {
	};
	objectVersion = 46;
	objects = {

/* Begin PBXBuildFile section */
		A983A4A917B092E9008CD259 /* UIKit.framework in Frameworks */ = {isa = PBXBuildFile; fileRef = A983A4A817B092E9008CD259 /* UIKit.framework */; };
		A983A4AB17B092E9008CD259 /* Foundation.framework in Frameworks */ = {isa = PBXBuildFile; fileRef = A983A4AA17B092E9008CD259 /* Foundation.framework */; };
		A983A4AD17B092E9008CD259 /* CoreGraphics.framework in Frameworks */ = {isa = PBXBuildFile; fileRef = A983A4AC17B092E9008CD259 /* CoreGraphics.framework */; };
		A983A4B317B092E9008CD259 /* InfoPlist.strings in Resources */ = {isa = PBXBuildFile; fileRef = A983A4B117B092E9008CD259 /* InfoPlist.strings */; };
		A983A4B517B092E9008CD259 /* main.m in Sources */ = {isa = PBXBuildFile; fileRef = A983A4B417B092E9008CD259 /* main.m */; };
		A983A4B917B092E9008CD259 /* AppDelegate.m in Sources */ = {isa = PBXBuildFile; fileRef = A983A4B817B092E9008CD259 /* AppDelegate.m */; };
		A983A4BB17B092E9008CD259 /* Default.png in Resources */ = {isa = PBXBuildFile; fileRef = A983A4BA17B092E9008CD259 /* Default.png */; };
		A983A4BD17B092E9008CD259 /* Default@2x.png in Resources */ = {isa = PBXBuildFile; fileRef = A983A4BC17B092E9008CD259 /* Default@2x.png */; };
		A983A4BF17B092E9008CD259 /* Default-568h@2x.png in Resources */ = {isa = PBXBuildFile; fileRef = A983A4BE17B092E9008CD259 /* Default-568h@2x.png */; };
		A983A4C217B092E9008CD259 /* MainStoryboard.storyboard in Resources */ = {isa = PBXBuildFile; fileRef = A983A4C017B092E9008CD259 /* MainStoryboard.storyboard */; };
		A983A4C517B092E9008CD259 /* FirstViewController.m in Sources */ = {isa = PBXBuildFile; fileRef = A983A4C417B092E9008CD259 /* FirstViewController.m */; };
		A983A4C717B092E9008CD259 /* first.png in Resources */ = {isa = PBXBuildFile; fileRef = A983A4C617B092E9008CD259 /* first.png */; };
		A983A4C917B092E9008CD259 /* first@2x.png in Resources */ = {isa = PBXBuildFile; fileRef = A983A4C817B092E9008CD259 /* first@2x.png */; };
		A983A4CC17B092E9008CD259 /* SecondViewController.m in Sources */ = {isa = PBXBuildFile; fileRef = A983A4CB17B092E9008CD259 /* SecondViewController.m */; };
		A983A4CE17B092E9008CD259 /* second.png in Resources */ = {isa = PBXBuildFile; fileRef = A983A4CD17B092E9008CD259 /* second.png */; };
		A983A4D017B092E9008CD259 /* second@2x.png in Resources */ = {isa = PBXBuildFile; fileRef = A983A4CF17B092E9008CD259 /* second@2x.png */; };
/* End PBXBuildFile section */

/* Begin PBXFileReference section */
		A983A4A517B092E9008CD259 /* zhonghan.app */ = {isa = PBXFileReference; explicitFileType = wrapper.application; includeInIndex = 0; path = zhonghan.app; sourceTree = BUILT_PRODUCTS_DIR; };
		A983A4A817B092E9008CD259 /* UIKit.framework */ = {isa = PBXFileReference; lastKnownFileType = wrapper.framework; name = UIKit.framework; path = System/Library/Frameworks/UIKit.framework; sourceTree = SDKROOT; };
		A983A4AA17B092E9008CD259 /* Foundation.framework */ = {isa = PBXFileReference; lastKnownFileType = wrapper.framework; name = Foundation.framework; path = System/Library/Frameworks/Foundation.framework; sourceTree = SDKROOT; };
		A983A4AC17B092E9008CD259 /* CoreGraphics.framework */ = {isa = PBXFileReference; lastKnownFileType = wrapper.framework; name = CoreGraphics.framework; path = System/Library/Frameworks/CoreGraphics.framework; sourceTree = SDKROOT; };
		A983A4B017B092E9008CD259 /* zhonghan-Info.plist */ = {isa = PBXFileReference; lastKnownFileType = text.plist.xml; path = "zhonghan-Info.plist"; sourceTree = "<group>"; };
		A983A4B217B092E9008CD259 /* en */ = {isa = PBXFileReference; lastKnownFileType = text.plist.strings; name = en; path = en.lproj/InfoPlist.strings; sourceTree = "<group>"; };
		A983A4B417B092E9008CD259 /* main.m */ = {isa = PBXFileReference; lastKnownFileType = sourcecode.c.objc; path = main.m; sourceTree = "<group>"; };
		A983A4B617B092E9008CD259 /* zhonghan-Prefix.pch */ = {isa = PBXFileReference; lastKnownFileType = sourcecode.c.h; path = "zhonghan-Prefix.pch"; sourceTree = "<group>"; };
		A983A4B717B092E9008CD259 /* AppDelegate.h */ = {isa = PBXFileReference; lastKnownFileType = sourcecode.c.h; path = AppDelegate.h; sourceTree = "<group>"; };
		A983A4B817B092E9008CD259 /* AppDelegate.m */ = {isa = PBXFileReference; lastKnownFileType = sourcecode.c.objc; path = AppDelegate.m; sourceTree = "<group>"; };
		A983A4BA17B092E9008CD259 /* Default.png */ = {isa = PBXFileReference; lastKnownFileType = image.png; path = Default.png; sourceTree = "<group>"; };
		A983A4BC17B092E9008CD259 /* Default@2x.png */ = {isa = PBXFileReference; lastKnownFileType = image.png; path = "Default@2x.png"; sourceTree = "<group>"; };
		A983A4BE17B092E9008CD259 /* Default-568h@2x.png */ = {isa = PBXFileReference; lastKnownFileType = image.png; path = "Default-568h@2x.png"; sourceTree = "<group>"; };
		A983A4C117B092E9008CD259 /* en */ = {isa = PBXFileReference; lastKnownFileType = file.storyboard; name = en; path = en.lproj/MainStoryboard.storyboard; sourceTree = "<group>"; };
		A983A4C317B092E9008CD259 /* FirstViewController.h */ = {isa = PBXFileReference; lastKnownFileType = sourcecode.c.h; path = FirstViewController.h; sourceTree = "<group>"; };
		A983A4C417B092E9008CD259 /* FirstViewController.m */ = {isa = PBXFileReference; lastKnownFileType = sourcecode.c.objc; path = FirstViewController.m; sourceTree = "<group>"; };
		A983A4C617B092E9008CD259 /* first.png */ = {isa = PBXFileReference; lastKnownFileType = image.png; path = first.png; sourceTree = "<group>"; };
		A983A4C817B092E9008CD259 /* first@2x.png */ = {isa = PBXFileReference; lastKnownFileType = image.png; path = "first@2x.png"; sourceTree = "<group>"; };
		A983A4CA17B092E9008CD259 /* SecondViewController.h */ = {isa = PBXFileReference; lastKnownFileType = sourcecode.c.h; path = SecondViewController.h; sourceTree = "<group>"; };
		A983A4CB17B092E9008CD259 /* SecondViewController.m */ = {isa = PBXFileReference; lastKnownFileType = sourcecode.c.objc; path = SecondViewController.m; sourceTree = "<group>"; };
		A983A4CD17B092E9008CD259 /* second.png */ = {isa = PBXFileReference; lastKnownFileType = image.png; path = second.png; sourceTree = "<group>"; };
		A983A4CF17B092E9008CD259 /* second@2x.png */ = {isa = PBXFileReference; lastKnownFileType = image.png; path = "second@2x.png"; sourceTree = "<group>"; };
/* End PBXFileReference section */

/* Begin PBXFrameworksBuildPhase section */
		A983A4A217B092E9008CD259 /* Frameworks */ = {
			isa = PBXFrameworksBuildPhase;
			buildActionMask = 2147483647;
			files = (
				A983A4A917B092E9008CD259 /* UIKit.framework in Frameworks */,
				A983A4AB17B092E9008CD259 /* Foundation.framework in Frameworks */,
				A983A4AD17B092E9008CD259 /* CoreGraphics.framework in Frameworks */,
			);
			runOnlyForDeploymentPostprocessing = 0;
		};
/* End PBXFrameworksBuildPhase section */

/* Begin PBXGroup section */
		A983A49C17B092E9008CD259 = {
			isa = PBXGroup;
			children = (
				A983A4AE17B092E9008CD259 /* zhonghan */,
				A983A4A717B092E9008CD259 /* Frameworks */,
				A983A4A617B092E9008CD259 /* Products */,
			);
			sourceTree = "<group>";
		};
		A983A4A617B092E9008CD259 /* Products */ = {
			isa = PBXGroup;
			children = (
				A983A4A517B092E9008CD259 /* zhonghan.app */,
			);
			name = Products;
			sourceTree = "<group>";
		};
		A983A4A717B092E9008CD259 /* Frameworks */ = {
			isa = PBXGroup;
			children = (
				A983A4A817B092E9008CD259 /* UIKit.framework */,
				A983A4AA17B092E9008CD259 /* Foundation.framework */,
				A983A4AC17B092E9008CD259 /* CoreGraphics.framework */,
			);
			name = Frameworks;
			sourceTree = "<group>";
		};
		A983A4AE17B092E9008CD259 /* zhonghan */ = {
			isa = PBXGroup;
			children = (
				A983A4B717B092E9008CD259 /* AppDelegate.h */,
				A983A4B817B092E9008CD259 /* AppDelegate.m */,
				A983A4C017B092E9008CD259 /* MainStoryboard.storyboard */,
				A983A4C317B092E9008CD259 /* FirstViewController.h */,
				A983A4C417B092E9008CD259 /* FirstViewController.m */,
				A983A4C617B092E9008CD259 /* first.png */,
				A983A4C817B092E9008CD259 /* first@2x.png */,
				A983A4CA17B092E9008CD259 /* SecondViewController.h */,
				A983A4CB17B092E9008CD259 /* SecondViewController.m */,
				A983A4CD17B092E9008CD259 /* second.png */,
				A983A4CF17B092E9008CD259 /* second@2x.png */,
				A983A4AF17B092E9008CD259 /* Supporting Files */,
			);
			path = zhonghan;
			sourceTree = "<group>";
		};
		A983A4AF17B092E9008CD259 /* Supporting Files */ = {
			isa = PBXGroup;
			children = (
				A983A4B017B092E9008CD259 /* zhonghan-Info.plist */,
				A983A4B117B092E9008CD259 /* InfoPlist.strings */,
				A983A4B417B092E9008CD259 /* main.m */,
				A983A4B617B092E9008CD259 /* zhonghan-Prefix.pch */,
				A983A4BA17B092E9008CD259 /* Default.png */,
				A983A4BC17B092E9008CD259 /* Default@2x.png */,
				A983A4BE17B092E9008CD259 /* Default-568h@2x.png */,
			);
			name = "Supporting Files";
			sourceTree = "<group>";
		};
/* End PBXGroup section */

/* Begin PBXNativeTarget section */
		A983A4A417B092E9008CD259 /* zhonghan */ = {
			isa = PBXNativeTarget;
			buildConfigurationList = A983A4D317B092E9008CD259 /* Build configuration list for PBXNativeTarget "zhonghan" */;
			buildPhases = (
				A983A4A117B092E9008CD259 /* Sources */,
				A983A4A217B092E9008CD259 /* Frameworks */,
				A983A4A317B092E9008CD259 /* Resources */,
			);
			buildRules = (
			);
			dependencies = (
			);
			name = zhonghan;
			productName = zhonghan;
			productReference = A983A4A517B092E9008CD259 /* zhonghan.app */;
			productType = "com.apple.product-type.application";
		};
/* End PBXNativeTarget section */

/* Begin PBXProject section */
		A983A49D17B092E9008CD259 /* Project object */ = {
			isa = PBXProject;
			attributes = {
				LastUpgradeCheck = 0460;
				ORGANIZATIONNAME = xiangpaopao;
			};
			buildConfigurationList = A983A4A017B092E9008CD259 /* Build configuration list for PBXProject "zhonghan" */;
			compatibilityVersion = "Xcode 3.2";
			developmentRegion = English;
			hasScannedForEncodings = 0;
			knownRegions = (
				en,
			);
			mainGroup = A983A49C17B092E9008CD259;
			productRefGroup = A983A4A617B092E9008CD259 /* Products */;
			projectDirPath = "";
			projectRoot = "";
			targets = (
				A983A4A417B092E9008CD259 /* zhonghan */,
			);
		};
/* End PBXProject section */

/* Begin PBXResourcesBuildPhase section */
		A983A4A317B092E9008CD259 /* Resources */ = {
			isa = PBXResourcesBuildPhase;
			buildActionMask = 2147483647;
			files = (
				A983A4B317B092E9008CD259 /* InfoPlist.strings in Resources */,
				A983A4BB17B092E9008CD259 /* Default.png in Resources */,
				A983A4BD17B092E9008CD259 /* Default@2x.png in Resources */,
				A983A4BF17B092E9008CD259 /* Default-568h@2x.png in Resources */,
				A983A4C217B092E9008CD259 /* MainStoryboard.storyboard in Resources */,
				A983A4C717B092E9008CD259 /* first.png in Resources */,
				A983A4C917B092E9008CD259 /* first@2x.png in Resources */,
				A983A4CE17B092E9008CD259 /* second.png in Resources */,
				A983A4D017B092E9008CD259 /* second@2x.png in Resources */,
			);
			runOnlyForDeploymentPostprocessing = 0;
		};
/* End PBXResourcesBuildPhase section */

/* Begin PBXSourcesBuildPhase section */
		A983A4A117B092E9008CD259 /* Sources */ = {
			isa = PBXSourcesBuildPhase;
			buildActionMask = 2147483647;
			files = (
				A983A4B517B092E9008CD259 /* main.m in Sources */,
				A983A4B917B092E9008CD259 /* AppDelegate.m in Sources */,
				A983A4C517B092E9008CD259 /* FirstViewController.m in Sources */,
				A983A4CC17B092E9008CD259 /* SecondViewController.m in Sources */,
			);
			runOnlyForDeploymentPostprocessing = 0;
		};
/* End PBXSourcesBuildPhase section */

/* Begin PBXVariantGroup section */
		A983A4B117B092E9008CD259 /* InfoPlist.strings */ = {
			isa = PBXVariantGroup;
			children = (
				A983A4B217B092E9008CD259 /* en */,
			);
			name = InfoPlist.strings;
			sourceTree = "<group>";
		};
		A983A4C017B092E9008CD259 /* MainStoryboard.storyboard */ = {
			isa = PBXVariantGroup;
			children = (
				A983A4C117B092E9008CD259 /* en */,
			);
			name = MainStoryboard.storyboard;
			sourceTree = "<group>";
		};
/* End PBXVariantGroup section */

/* Begin XCBuildConfiguration section */
		A983A4D117B092E9008CD259 /* Debug */ = {
			isa = XCBuildConfiguration;
			buildSettings = {
				ALWAYS_SEARCH_USER_PATHS = NO;
				CLANG_CXX_LANGUAGE_STANDARD = "gnu++0x";
				CLANG_CXX_LIBRARY = "libc++";
				CLANG_ENABLE_OBJC_ARC = YES;
				CLANG_WARN_CONSTANT_CONVERSION = YES;
				CLANG_WARN_EMPTY_BODY = YES;
				CLANG_WARN_ENUM_CONVERSION = YES;
				CLANG_WARN_INT_CONVERSION = YES;
				CLANG_WARN__DUPLICATE_METHOD_MATCH = YES;
				"CODE_SIGN_IDENTITY[sdk=iphoneos*]" = "iPhone Developer";
				COPY_PHASE_STRIP = NO;
				GCC_C_LANGUAGE_STANDARD = gnu99;
				GCC_DYNAMIC_NO_PIC = NO;
				GCC_OPTIMIZATION_LEVEL = 0;
				GCC_PREPROCESSOR_DEFINITIONS = (
					"DEBUG=1",
					"$(inherited)",
				);
				GCC_SYMBOLS_PRIVATE_EXTERN = NO;
				GCC_WARN_ABOUT_RETURN_TYPE = YES;
				GCC_WARN_UNINITIALIZED_AUTOS = YES;
				GCC_WARN_UNUSED_VARIABLE = YES;
				IPHONEOS_DEPLOYMENT_TARGET = 6.1;
				ONLY_ACTIVE_ARCH = YES;
				SDKROOT = iphoneos;
			};
			name = Debug;
		};
		A983A4D217B092E9008CD259 /* Release */ = {
			isa = XCBuildConfiguration;
			buildSettings = {
				ALWAYS_SEARCH_USER_PATHS = NO;
				CLANG_CXX_LANGUAGE_STANDARD = "gnu++0x";
				CLANG_CXX_LIBRARY = "libc++";
				CLANG_ENABLE_OBJC_ARC = YES;
				CLANG_WARN_CONSTANT_CONVERSION = YES;
				CLANG_WARN_EMPTY_BODY = YES;
				CLANG_WARN_ENUM_CONVERSION = YES;
				CLANG_WARN_INT_CONVERSION = YES;
				CLANG_WARN__DUPLICATE_METHOD_MATCH = YES;
				"CODE_SIGN_IDENTITY[sdk=iphoneos*]" = "iPhone Developer";
				COPY_PHASE_STRIP = YES;
				GCC_C_LANGUAGE_STANDARD = gnu99;
				GCC_WARN_ABOUT_RETURN_TYPE = YES;
				GCC_WARN_UNINITIALIZED_AUTOS = YES;
				GCC_WARN_UNUSED_VARIABLE = YES;
				IPHONEOS_DEPLOYMENT_TARGET = 6.1;
				OTHER_CFLAGS = "-DNS_BLOCK_ASSERTIONS=1";
				SDKROOT = iphoneos;
				VALIDATE_PRODUCT = YES;
			};
			name = Release;
		};
		A983A4D417B092E9008CD259 /* Debug */ = {
			isa = XCBuildConfiguration;
			buildSettings = {
				GCC_PRECOMPILE_PREFIX_HEADER = YES;
				GCC_PREFIX_HEADER = "zhonghan/zhonghan-Prefix.pch";
				INFOPLIST_FILE = "zhonghan/zhonghan-Info.plist";
				IPHONEOS_DEPLOYMENT_TARGET = 5.0;
				PRODUCT_NAME = "$(TARGET_NAME)";
				WRAPPER_EXTENSION = app;
			};
			name = Debug;
		};
		A983A4D517B092E9008CD259 /* Release */ = {
			isa = XCBuildConfiguration;
			buildSettings = {
				GCC_PRECOMPILE_PREFIX_HEADER = YES;
				GCC_PREFIX_HEADER = "zhonghan/zhonghan-Prefix.pch";
				INFOPLIST_FILE = "zhonghan/zhonghan-Info.plist";
				IPHONEOS_DEPLOYMENT_TARGET = 5.0;
				PRODUCT_NAME = "$(TARGET_NAME)";
				WRAPPER_EXTENSION = app;
			};
			name = Release;
		};
/* End XCBuildConfiguration section */

/* Begin XCConfigurationList section */
		A983A4A017B092E9008CD259 /* Build configuration list for PBXProject "zhonghan" */ = {
			isa = XCConfigurationList;
			buildConfigurations = (
				A983A4D117B092E9008CD259 /* Debug */,
				A983A4D217B092E9008CD259 /* Release */,
			);
			defaultConfigurationIsVisible = 0;
			defaultConfigurationName = Release;
		};
		A983A4D317B092E9008CD259 /* Build configuration list for PBXNativeTarget "zhonghan" */ = {
			isa = XCConfigurationList;
			buildConfigurations = (
				A983A4D417B092E9008CD259 /* Debug */,
				A983A4D517B092E9008CD259 /* Release */,
			);
			defaultConfigurationIsVisible = 0;
		};
/* End XCConfigurationList section */
	};
	rootObject = A983A49D17B092E9008CD259 /* Project object */;
}
