// !$*UTF8*$!
{
	archiveVersion = 1;
	classes = {
	};
	objectVersion = 46;
	objects = {

/* Begin PBXBuildFile section */
		A91D897118155ED1001EFEA2 /* MBProgressHUD.m in Sources */ = {isa = PBXBuildFile; fileRef = A91D897018155ED1001EFEA2 /* MBProgressHUD.m */; };
		A91E776117F534E80055C9BB /* Images.xcassets in Resources */ = {isa = PBXBuildFile; fileRef = A91E776017F534E80055C9BB /* Images.xcassets */; };
		A92C66C517B4909200A5D40E /* DCCrossHairView.m in Sources */ = {isa = PBXBuildFile; fileRef = A92C66BD17B4909200A5D40E /* DCCrossHairView.m */; settings = {COMPILER_FLAGS = "-fno-objc-arc"; }; };
		A92C66C617B4909200A5D40E /* DCFrameView.m in Sources */ = {isa = PBXBuildFile; fileRef = A92C66BF17B4909200A5D40E /* DCFrameView.m */; settings = {COMPILER_FLAGS = "-fno-objc-arc"; }; };
		A92C66C717B4909200A5D40E /* DCIntrospect.m in Sources */ = {isa = PBXBuildFile; fileRef = A92C66C117B4909200A5D40E /* DCIntrospect.m */; settings = {COMPILER_FLAGS = "-fno-objc-arc"; }; };
		A92C66C817B4909200A5D40E /* DCStatusBarOverlay.m in Sources */ = {isa = PBXBuildFile; fileRef = A92C66C417B4909200A5D40E /* DCStatusBarOverlay.m */; settings = {COMPILER_FLAGS = "-fno-objc-arc"; }; };
		A92C66CB17B4920600A5D40E /* QuartzCore.framework in Frameworks */ = {isa = PBXBuildFile; fileRef = A92C66C917B491C100A5D40E /* QuartzCore.framework */; };
		A93C4FD517B499B900C10157 /* WebShowViewController.m in Sources */ = {isa = PBXBuildFile; fileRef = A93C4FD417B499B900C10157 /* WebShowViewController.m */; };
		A93C4FDB17B4BAA900C10157 /* BooksViewController.m in Sources */ = {isa = PBXBuildFile; fileRef = A93C4FDA17B4BAA900C10157 /* BooksViewController.m */; };
		A93C4FDE17B4BAC600C10157 /* BooksCell.m in Sources */ = {isa = PBXBuildFile; fileRef = A93C4FDD17B4BAC600C10157 /* BooksCell.m */; };
		A93C4FE117B4BADD00C10157 /* BooksShowViewController.m in Sources */ = {isa = PBXBuildFile; fileRef = A93C4FE017B4BADD00C10157 /* BooksShowViewController.m */; };
		A93C501117B4D29600C10157 /* SchoolViewController.m in Sources */ = {isa = PBXBuildFile; fileRef = A93C501017B4D29600C10157 /* SchoolViewController.m */; };
		A93C501417B4D2B300C10157 /* SchoolCell.m in Sources */ = {isa = PBXBuildFile; fileRef = A93C501317B4D2B300C10157 /* SchoolCell.m */; };
		A93C501C17B4D92400C10157 /* Books.m in Sources */ = {isa = PBXBuildFile; fileRef = A93C501B17B4D92400C10157 /* Books.m */; };
		A93C501F17B4D93200C10157 /* SchoolsNews.m in Sources */ = {isa = PBXBuildFile; fileRef = A93C501E17B4D93200C10157 /* SchoolsNews.m */; };
		A93C502417B4E9CE00C10157 /* AboutViewController.m in Sources */ = {isa = PBXBuildFile; fileRef = A93C502317B4E9CE00C10157 /* AboutViewController.m */; };
		A93C502717B4E9F500C10157 /* AboutInfoViewController.m in Sources */ = {isa = PBXBuildFile; fileRef = A93C502617B4E9F500C10157 /* AboutInfoViewController.m */; };
		A93C75EA17C5A92300F3F2B1 /* CoreTelephony.framework in Frameworks */ = {isa = PBXBuildFile; fileRef = A93C75E917C5A92300F3F2B1 /* CoreTelephony.framework */; };
		A93C75EC17C5A92D00F3F2B1 /* SystemConfiguration.framework in Frameworks */ = {isa = PBXBuildFile; fileRef = A93C75EB17C5A92D00F3F2B1 /* SystemConfiguration.framework */; };
		A93C75EE17C5A93900F3F2B1 /* libz.dylib in Frameworks */ = {isa = PBXBuildFile; fileRef = A93C75ED17C5A93900F3F2B1 /* libz.dylib */; };
		A93C75FA17C5B34600F3F2B1 /* MHCustomTabBarController.m in Sources */ = {isa = PBXBuildFile; fileRef = A93C75F717C5B34600F3F2B1 /* MHCustomTabBarController.m */; };
		A93C75FB17C5B34600F3F2B1 /* MHTabBarSegue.m in Sources */ = {isa = PBXBuildFile; fileRef = A93C75F917C5B34600F3F2B1 /* MHTabBarSegue.m */; };
		A93C760717C5C08F00F3F2B1 /* tabbar_btn1_on@2x.png in Resources */ = {isa = PBXBuildFile; fileRef = A93C75FD17C5C08F00F3F2B1 /* tabbar_btn1_on@2x.png */; };
		A93C760817C5C08F00F3F2B1 /* tabbar_btn1@2x.png in Resources */ = {isa = PBXBuildFile; fileRef = A93C75FE17C5C08F00F3F2B1 /* tabbar_btn1@2x.png */; };
		A93C760917C5C08F00F3F2B1 /* tabbar_btn2_on@2x.png in Resources */ = {isa = PBXBuildFile; fileRef = A93C75FF17C5C08F00F3F2B1 /* tabbar_btn2_on@2x.png */; };
		A93C760A17C5C08F00F3F2B1 /* tabbar_btn2@2x.png in Resources */ = {isa = PBXBuildFile; fileRef = A93C760017C5C08F00F3F2B1 /* tabbar_btn2@2x.png */; };
		A93C760B17C5C08F00F3F2B1 /* tabbar_btn3_on@2x.png in Resources */ = {isa = PBXBuildFile; fileRef = A93C760117C5C08F00F3F2B1 /* tabbar_btn3_on@2x.png */; };
		A93C760C17C5C08F00F3F2B1 /* tabbar_btn3@2x.png in Resources */ = {isa = PBXBuildFile; fileRef = A93C760217C5C08F00F3F2B1 /* tabbar_btn3@2x.png */; };
		A93C760D17C5C08F00F3F2B1 /* tabbar_btn4_on@2x.png in Resources */ = {isa = PBXBuildFile; fileRef = A93C760317C5C08F00F3F2B1 /* tabbar_btn4_on@2x.png */; };
		A93C760E17C5C08F00F3F2B1 /* tabbar_btn4@2x.png in Resources */ = {isa = PBXBuildFile; fileRef = A93C760417C5C08F00F3F2B1 /* tabbar_btn4@2x.png */; };
		A93C760F17C5C08F00F3F2B1 /* tabbar_btn5_on@2x.png in Resources */ = {isa = PBXBuildFile; fileRef = A93C760517C5C08F00F3F2B1 /* tabbar_btn5_on@2x.png */; };
		A93C761017C5C08F00F3F2B1 /* tabbar_btn5@2x.png in Resources */ = {isa = PBXBuildFile; fileRef = A93C760617C5C08F00F3F2B1 /* tabbar_btn5@2x.png */; };
		A93C761617C5E0A100F3F2B1 /* TabBarButton.m in Sources */ = {isa = PBXBuildFile; fileRef = A93C761517C5E0A100F3F2B1 /* TabBarButton.m */; };
		A93C761917C5F17000F3F2B1 /* SBTabBarSegue.m in Sources */ = {isa = PBXBuildFile; fileRef = A93C761817C5F17000F3F2B1 /* SBTabBarSegue.m */; };
		A93E651317E9884100A0E318 /* book_cell_bg_on@2x.png in Resources */ = {isa = PBXBuildFile; fileRef = A93E650F17E9884100A0E318 /* book_cell_bg_on@2x.png */; };
		A93E651417E9884100A0E318 /* book_cell_bg@2x.png in Resources */ = {isa = PBXBuildFile; fileRef = A93E651017E9884100A0E318 /* book_cell_bg@2x.png */; };
		A93E651517E9884100A0E318 /* book_thumb@2x.png in Resources */ = {isa = PBXBuildFile; fileRef = A93E651117E9884100A0E318 /* book_thumb@2x.png */; };
		A93E651617E9884100A0E318 /* books_new_tag@2x.png in Resources */ = {isa = PBXBuildFile; fileRef = A93E651217E9884100A0E318 /* books_new_tag@2x.png */; };
		A93E651B17E9A7BA00A0E318 /* book_detail_cell_bg@2x.png in Resources */ = {isa = PBXBuildFile; fileRef = A93E651817E9A7BA00A0E318 /* book_detail_cell_bg@2x.png */; };
		A93E651C17E9A7BA00A0E318 /* book_detail_info_bg@2x.png in Resources */ = {isa = PBXBuildFile; fileRef = A93E651917E9A7BA00A0E318 /* book_detail_info_bg@2x.png */; };
		A93E651D17E9A7BA00A0E318 /* bule_small_btn@2x.png in Resources */ = {isa = PBXBuildFile; fileRef = A93E651A17E9A7BA00A0E318 /* bule_small_btn@2x.png */; };
		A975E8E517E7F7A500C1150C /* home_bg@2x.png in Resources */ = {isa = PBXBuildFile; fileRef = A975E8DE17E7F7A500C1150C /* home_bg@2x.png */; };
		A975E8E617E7F7A500C1150C /* home_btn_about@2x.png in Resources */ = {isa = PBXBuildFile; fileRef = A975E8DF17E7F7A500C1150C /* home_btn_about@2x.png */; };
		A975E8E717E7F7A500C1150C /* home_btn_book@2x.png in Resources */ = {isa = PBXBuildFile; fileRef = A975E8E017E7F7A500C1150C /* home_btn_book@2x.png */; };
		A975E8E817E7F7A500C1150C /* home_btn_box@2x.png in Resources */ = {isa = PBXBuildFile; fileRef = A975E8E117E7F7A500C1150C /* home_btn_box@2x.png */; };
		A975E8E917E7F7A500C1150C /* home_btn_news@2x.png in Resources */ = {isa = PBXBuildFile; fileRef = A975E8E217E7F7A500C1150C /* home_btn_news@2x.png */; };
		A975E8EA17E7F7A500C1150C /* home_btn_school@2x.png in Resources */ = {isa = PBXBuildFile; fileRef = A975E8E317E7F7A500C1150C /* home_btn_school@2x.png */; };
		A975E8EB17E7F7A500C1150C /* home_num_bg@2x.png in Resources */ = {isa = PBXBuildFile; fileRef = A975E8E417E7F7A500C1150C /* home_num_bg@2x.png */; };
		A975E8EF17E8256A00C1150C /* ODRefreshControl.m in Sources */ = {isa = PBXBuildFile; fileRef = A975E8EE17E8256A00C1150C /* ODRefreshControl.m */; };
		A975E8F817E832AB00C1150C /* RavenClient.m in Sources */ = {isa = PBXBuildFile; fileRef = A975E8F217E832AB00C1150C /* RavenClient.m */; };
		A975E8F917E832AB00C1150C /* RavenConfig.m in Sources */ = {isa = PBXBuildFile; fileRef = A975E8F517E832AB00C1150C /* RavenConfig.m */; };
		A975E8FA17E832AB00C1150C /* RavenJSONUtilities.m in Sources */ = {isa = PBXBuildFile; fileRef = A975E8F717E832AB00C1150C /* RavenJSONUtilities.m */; };
		A975E8FC17E8366E00C1150C /* tobbar_bg@2x.png in Resources */ = {isa = PBXBuildFile; fileRef = A975E8FB17E8366E00C1150C /* tobbar_bg@2x.png */; };
		A975E8FF17E840F900C1150C /* news_banner@2x.png in Resources */ = {isa = PBXBuildFile; fileRef = A975E8FD17E840F900C1150C /* news_banner@2x.png */; };
		A975E90017E840F900C1150C /* news_thumb@2x.png in Resources */ = {isa = PBXBuildFile; fileRef = A975E8FE17E840F900C1150C /* news_thumb@2x.png */; };
		A975E90317E84F7700C1150C /* news_new_tag@2x.png in Resources */ = {isa = PBXBuildFile; fileRef = A975E90117E84F7700C1150C /* news_new_tag@2x.png */; };
		A975E90417E84F7700C1150C /* news_thumb_default@2x.png in Resources */ = {isa = PBXBuildFile; fileRef = A975E90217E84F7700C1150C /* news_thumb_default@2x.png */; };
		A983A4A917B092E9008CD259 /* UIKit.framework in Frameworks */ = {isa = PBXBuildFile; fileRef = A983A4A817B092E9008CD259 /* UIKit.framework */; };
		A983A4AB17B092E9008CD259 /* Foundation.framework in Frameworks */ = {isa = PBXBuildFile; fileRef = A983A4AA17B092E9008CD259 /* Foundation.framework */; };
		A983A4AD17B092E9008CD259 /* CoreGraphics.framework in Frameworks */ = {isa = PBXBuildFile; fileRef = A983A4AC17B092E9008CD259 /* CoreGraphics.framework */; };
		A983A4B317B092E9008CD259 /* InfoPlist.strings in Resources */ = {isa = PBXBuildFile; fileRef = A983A4B117B092E9008CD259 /* InfoPlist.strings */; };
		A983A4B517B092E9008CD259 /* main.m in Sources */ = {isa = PBXBuildFile; fileRef = A983A4B417B092E9008CD259 /* main.m */; };
		A983A4B917B092E9008CD259 /* AppDelegate.m in Sources */ = {isa = PBXBuildFile; fileRef = A983A4B817B092E9008CD259 /* AppDelegate.m */; };
		A983A4BB17B092E9008CD259 /* Default.png in Resources */ = {isa = PBXBuildFile; fileRef = A983A4BA17B092E9008CD259 /* Default.png */; };
		A983A4BD17B092E9008CD259 /* Default@2x.png in Resources */ = {isa = PBXBuildFile; fileRef = A983A4BC17B092E9008CD259 /* Default@2x.png */; };
		A983A4BF17B092E9008CD259 /* Default-568h@2x.png in Resources */ = {isa = PBXBuildFile; fileRef = A983A4BE17B092E9008CD259 /* Default-568h@2x.png */; };
		A983A4C217B092E9008CD259 /* MainStoryboard.storyboard in Resources */ = {isa = PBXBuildFile; fileRef = A983A4C017B092E9008CD259 /* MainStoryboard.storyboard */; };
		A98457CD17B39FFC00E5E07A /* HomeViewController.m in Sources */ = {isa = PBXBuildFile; fileRef = A98457C617B39FFA00E5E07A /* HomeViewController.m */; };
		A98457CF17B39FFC00E5E07A /* MainTabBarController.m in Sources */ = {isa = PBXBuildFile; fileRef = A98457CA17B39FFB00E5E07A /* MainTabBarController.m */; };
		A98457D017B39FFC00E5E07A /* NewsViewController.m in Sources */ = {isa = PBXBuildFile; fileRef = A98457CC17B39FFB00E5E07A /* NewsViewController.m */; };
		A98457DA17B3AD4000E5E07A /* REPagedScrollView.m in Sources */ = {isa = PBXBuildFile; fileRef = A98457D917B3AD4000E5E07A /* REPagedScrollView.m */; };
		A98457DE17B3B81800E5E07A /* MainNavController.m in Sources */ = {isa = PBXBuildFile; fileRef = A98457DD17B3B81800E5E07A /* MainNavController.m */; };
		A98457E517B3C85700E5E07A /* NewsCell.m in Sources */ = {isa = PBXBuildFile; fileRef = A98457E417B3C85700E5E07A /* NewsCell.m */; };
		A993D56217EEDA380013A995 /* WithBackBtnViewController.m in Sources */ = {isa = PBXBuildFile; fileRef = A993D56117EEDA380013A995 /* WithBackBtnViewController.m */; };
		A993D56617EEE6620013A995 /* JSONKit.m in Sources */ = {isa = PBXBuildFile; fileRef = A993D56517EEE6620013A995 /* JSONKit.m */; settings = {COMPILER_FLAGS = "-fno-objc-arc"; }; };
		A993D56B17EEE67A0013A995 /* TGJSBridge.bundle in Resources */ = {isa = PBXBuildFile; fileRef = A993D56817EEE67A0013A995 /* TGJSBridge.bundle */; };
		A993D56C17EEE67A0013A995 /* TGJSBridge.m in Sources */ = {isa = PBXBuildFile; fileRef = A993D56A17EEE67A0013A995 /* TGJSBridge.m */; settings = {COMPILER_FLAGS = "-fno-objc-arc"; }; };
		A993D57317EEF3310013A995 /* about.html in Resources */ = {isa = PBXBuildFile; fileRef = A993D57217EEF3310013A995 /* about.html */; };
		A9E21BBD17EFD91B005C9E31 /* about_china.html in Resources */ = {isa = PBXBuildFile; fileRef = A9E21BBB17EFD91B005C9E31 /* about_china.html */; };
		A9E21BBE17EFD91B005C9E31 /* about_international.html in Resources */ = {isa = PBXBuildFile; fileRef = A9E21BBC17EFD91B005C9E31 /* about_international.html */; };
		A9E21BC317F00A40005C9E31 /* detail.html in Resources */ = {isa = PBXBuildFile; fileRef = A9E21BC017F00A40005C9E31 /* detail.html */; };
		A9E21BC417F00A40005C9E31 /* news_banner.png in Resources */ = {isa = PBXBuildFile; fileRef = A9E21BC217F00A40005C9E31 /* news_banner.png */; };
		A9F9BC6517E97CF800D24786 /* back_btn_on@2x.png in Resources */ = {isa = PBXBuildFile; fileRef = A9F9BC6317E97CF800D24786 /* back_btn_on@2x.png */; };
		A9F9BC6617E97CF800D24786 /* back_btn@2x.png in Resources */ = {isa = PBXBuildFile; fileRef = A9F9BC6417E97CF800D24786 /* back_btn@2x.png */; };
		A9FBDE5A18053839001D6204 /* AppAPIClient.m in Sources */ = {isa = PBXBuildFile; fileRef = A9FBDE5918053839001D6204 /* AppAPIClient.m */; };
		A9FBDE5C18053A8B001D6204 /* Security.framework in Frameworks */ = {isa = PBXBuildFile; fileRef = A9FBDE5B18053A8B001D6204 /* Security.framework */; };
		A9FBDE5E18053A9B001D6204 /* MobileCoreServices.framework in Frameworks */ = {isa = PBXBuildFile; fileRef = A9FBDE5D18053A9B001D6204 /* MobileCoreServices.framework */; };
		A9FBDE7318054112001D6204 /* AFHTTPClient.m in Sources */ = {isa = PBXBuildFile; fileRef = A9FBDE6118054112001D6204 /* AFHTTPClient.m */; };
		A9FBDE7418054112001D6204 /* AFHTTPRequestOperation.m in Sources */ = {isa = PBXBuildFile; fileRef = A9FBDE6318054112001D6204 /* AFHTTPRequestOperation.m */; };
		A9FBDE7518054112001D6204 /* AFImageRequestOperation.m in Sources */ = {isa = PBXBuildFile; fileRef = A9FBDE6518054112001D6204 /* AFImageRequestOperation.m */; };
		A9FBDE7618054112001D6204 /* AFJSONRequestOperation.m in Sources */ = {isa = PBXBuildFile; fileRef = A9FBDE6718054112001D6204 /* AFJSONRequestOperation.m */; };
		A9FBDE7718054112001D6204 /* AFNetworkActivityIndicatorManager.m in Sources */ = {isa = PBXBuildFile; fileRef = A9FBDE6918054112001D6204 /* AFNetworkActivityIndicatorManager.m */; };
		A9FBDE7818054112001D6204 /* AFPropertyListRequestOperation.m in Sources */ = {isa = PBXBuildFile; fileRef = A9FBDE6C18054112001D6204 /* AFPropertyListRequestOperation.m */; };
		A9FBDE7918054112001D6204 /* AFURLConnectionOperation.m in Sources */ = {isa = PBXBuildFile; fileRef = A9FBDE6E18054112001D6204 /* AFURLConnectionOperation.m */; };
		A9FBDE7A18054112001D6204 /* AFXMLRequestOperation.m in Sources */ = {isa = PBXBuildFile; fileRef = A9FBDE7018054112001D6204 /* AFXMLRequestOperation.m */; };
		A9FBDE7B18054112001D6204 /* UIImageView+AFNetworking.m in Sources */ = {isa = PBXBuildFile; fileRef = A9FBDE7218054112001D6204 /* UIImageView+AFNetworking.m */; };
		A9FBDE7E1805429C001D6204 /* News.m in Sources */ = {isa = PBXBuildFile; fileRef = A9FBDE7D1805429C001D6204 /* News.m */; };
		A9FBDE8918055B3A001D6204 /* MJRefresh.bundle in Resources */ = {isa = PBXBuildFile; fileRef = A9FBDE8118055B39001D6204 /* MJRefresh.bundle */; };
		A9FBDE8A18055B3A001D6204 /* MJRefreshBaseView.m in Sources */ = {isa = PBXBuildFile; fileRef = A9FBDE8418055B39001D6204 /* MJRefreshBaseView.m */; };
		A9FBDE8B18055B3A001D6204 /* MJRefreshFooterView.m in Sources */ = {isa = PBXBuildFile; fileRef = A9FBDE8618055B3A001D6204 /* MJRefreshFooterView.m */; };
		A9FBDE8C18055B3A001D6204 /* MJRefreshHeaderView.m in Sources */ = {isa = PBXBuildFile; fileRef = A9FBDE8818055B3A001D6204 /* MJRefreshHeaderView.m */; };
		A9FBDE8E180571A5001D6204 /* AVFoundation.framework in Frameworks */ = {isa = PBXBuildFile; fileRef = A9FBDE8D180571A5001D6204 /* AVFoundation.framework */; };
		A9FBDE9018057266001D6204 /* AudioToolbox.framework in Frameworks */ = {isa = PBXBuildFile; fileRef = A9FBDE8F18057266001D6204 /* AudioToolbox.framework */; };
/* End PBXBuildFile section */

/* Begin PBXFileReference section */
		A91D896F18155ED1001EFEA2 /* MBProgressHUD.h */ = {isa = PBXFileReference; fileEncoding = 4; lastKnownFileType = sourcecode.c.h; name = MBProgressHUD.h; path = lib/MBProgressHUD.h; sourceTree = "<group>"; };
		A91D897018155ED1001EFEA2 /* MBProgressHUD.m */ = {isa = PBXFileReference; fileEncoding = 4; lastKnownFileType = sourcecode.c.objc; name = MBProgressHUD.m; path = lib/MBProgressHUD.m; sourceTree = "<group>"; };
		A91E776017F534E80055C9BB /* Images.xcassets */ = {isa = PBXFileReference; lastKnownFileType = folder.assetcatalog; path = Images.xcassets; sourceTree = "<group>"; };
		A92C66BC17B4909200A5D40E /* DCCrossHairView.h */ = {isa = PBXFileReference; fileEncoding = 4; lastKnownFileType = sourcecode.c.h; path = DCCrossHairView.h; sourceTree = "<group>"; };
		A92C66BD17B4909200A5D40E /* DCCrossHairView.m */ = {isa = PBXFileReference; fileEncoding = 4; lastKnownFileType = sourcecode.c.objc; path = DCCrossHairView.m; sourceTree = "<group>"; };
		A92C66BE17B4909200A5D40E /* DCFrameView.h */ = {isa = PBXFileReference; fileEncoding = 4; lastKnownFileType = sourcecode.c.h; path = DCFrameView.h; sourceTree = "<group>"; };
		A92C66BF17B4909200A5D40E /* DCFrameView.m */ = {isa = PBXFileReference; fileEncoding = 4; lastKnownFileType = sourcecode.c.objc; path = DCFrameView.m; sourceTree = "<group>"; };
		A92C66C017B4909200A5D40E /* DCIntrospect.h */ = {isa = PBXFileReference; fileEncoding = 4; lastKnownFileType = sourcecode.c.h; path = DCIntrospect.h; sourceTree = "<group>"; };
		A92C66C117B4909200A5D40E /* DCIntrospect.m */ = {isa = PBXFileReference; fileEncoding = 4; lastKnownFileType = sourcecode.c.objc; path = DCIntrospect.m; sourceTree = "<group>"; };
		A92C66C217B4909200A5D40E /* DCIntrospectSettings.h */ = {isa = PBXFileReference; fileEncoding = 4; lastKnownFileType = sourcecode.c.h; path = DCIntrospectSettings.h; sourceTree = "<group>"; };
		A92C66C317B4909200A5D40E /* DCStatusBarOverlay.h */ = {isa = PBXFileReference; fileEncoding = 4; lastKnownFileType = sourcecode.c.h; path = DCStatusBarOverlay.h; sourceTree = "<group>"; };
		A92C66C417B4909200A5D40E /* DCStatusBarOverlay.m */ = {isa = PBXFileReference; fileEncoding = 4; lastKnownFileType = sourcecode.c.objc; path = DCStatusBarOverlay.m; sourceTree = "<group>"; };
		A92C66C917B491C100A5D40E /* QuartzCore.framework */ = {isa = PBXFileReference; lastKnownFileType = wrapper.framework; name = QuartzCore.framework; path = System/Library/Frameworks/QuartzCore.framework; sourceTree = SDKROOT; };
		A93C4FD317B499B900C10157 /* WebShowViewController.h */ = {isa = PBXFileReference; fileEncoding = 4; lastKnownFileType = sourcecode.c.h; name = WebShowViewController.h; path = classes/WebShowViewController.h; sourceTree = "<group>"; };
		A93C4FD417B499B900C10157 /* WebShowViewController.m */ = {isa = PBXFileReference; fileEncoding = 4; lastKnownFileType = sourcecode.c.objc; name = WebShowViewController.m; path = classes/WebShowViewController.m; sourceTree = "<group>"; };
		A93C4FD917B4BAA900C10157 /* BooksViewController.h */ = {isa = PBXFileReference; fileEncoding = 4; lastKnownFileType = sourcecode.c.h; name = BooksViewController.h; path = classes/BooksViewController.h; sourceTree = "<group>"; };
		A93C4FDA17B4BAA900C10157 /* BooksViewController.m */ = {isa = PBXFileReference; fileEncoding = 4; lastKnownFileType = sourcecode.c.objc; name = BooksViewController.m; path = classes/BooksViewController.m; sourceTree = "<group>"; };
		A93C4FDC17B4BAC600C10157 /* BooksCell.h */ = {isa = PBXFileReference; fileEncoding = 4; lastKnownFileType = sourcecode.c.h; name = BooksCell.h; path = classes/BooksCell.h; sourceTree = "<group>"; };
		A93C4FDD17B4BAC600C10157 /* BooksCell.m */ = {isa = PBXFileReference; fileEncoding = 4; lastKnownFileType = sourcecode.c.objc; name = BooksCell.m; path = classes/BooksCell.m; sourceTree = "<group>"; };
		A93C4FDF17B4BADD00C10157 /* BooksShowViewController.h */ = {isa = PBXFileReference; fileEncoding = 4; lastKnownFileType = sourcecode.c.h; path = BooksShowViewController.h; sourceTree = "<group>"; };
		A93C4FE017B4BADD00C10157 /* BooksShowViewController.m */ = {isa = PBXFileReference; fileEncoding = 4; lastKnownFileType = sourcecode.c.objc; path = BooksShowViewController.m; sourceTree = "<group>"; };
		A93C500F17B4D29600C10157 /* SchoolViewController.h */ = {isa = PBXFileReference; fileEncoding = 4; lastKnownFileType = sourcecode.c.h; name = SchoolViewController.h; path = classes/SchoolViewController.h; sourceTree = "<group>"; };
		A93C501017B4D29600C10157 /* SchoolViewController.m */ = {isa = PBXFileReference; fileEncoding = 4; lastKnownFileType = sourcecode.c.objc; name = SchoolViewController.m; path = classes/SchoolViewController.m; sourceTree = "<group>"; };
		A93C501217B4D2B300C10157 /* SchoolCell.h */ = {isa = PBXFileReference; fileEncoding = 4; lastKnownFileType = sourcecode.c.h; name = SchoolCell.h; path = classes/SchoolCell.h; sourceTree = "<group>"; };
		A93C501317B4D2B300C10157 /* SchoolCell.m */ = {isa = PBXFileReference; fileEncoding = 4; lastKnownFileType = sourcecode.c.objc; name = SchoolCell.m; path = classes/SchoolCell.m; sourceTree = "<group>"; };
		A93C501A17B4D92400C10157 /* Books.h */ = {isa = PBXFileReference; fileEncoding = 4; lastKnownFileType = sourcecode.c.h; path = Books.h; sourceTree = "<group>"; };
		A93C501B17B4D92400C10157 /* Books.m */ = {isa = PBXFileReference; fileEncoding = 4; lastKnownFileType = sourcecode.c.objc; path = Books.m; sourceTree = "<group>"; };
		A93C501D17B4D93200C10157 /* SchoolsNews.h */ = {isa = PBXFileReference; fileEncoding = 4; lastKnownFileType = sourcecode.c.h; path = SchoolsNews.h; sourceTree = "<group>"; };
		A93C501E17B4D93200C10157 /* SchoolsNews.m */ = {isa = PBXFileReference; fileEncoding = 4; lastKnownFileType = sourcecode.c.objc; path = SchoolsNews.m; sourceTree = "<group>"; };
		A93C502217B4E9CE00C10157 /* AboutViewController.h */ = {isa = PBXFileReference; fileEncoding = 4; lastKnownFileType = sourcecode.c.h; name = AboutViewController.h; path = classes/AboutViewController.h; sourceTree = "<group>"; };
		A93C502317B4E9CE00C10157 /* AboutViewController.m */ = {isa = PBXFileReference; fileEncoding = 4; lastKnownFileType = sourcecode.c.objc; name = AboutViewController.m; path = classes/AboutViewController.m; sourceTree = "<group>"; };
		A93C502517B4E9F500C10157 /* AboutInfoViewController.h */ = {isa = PBXFileReference; fileEncoding = 4; lastKnownFileType = sourcecode.c.h; name = AboutInfoViewController.h; path = classes/AboutInfoViewController.h; sourceTree = "<group>"; };
		A93C502617B4E9F500C10157 /* AboutInfoViewController.m */ = {isa = PBXFileReference; fileEncoding = 4; lastKnownFileType = sourcecode.c.objc; name = AboutInfoViewController.m; path = classes/AboutInfoViewController.m; sourceTree = "<group>"; };
		A93C75E917C5A92300F3F2B1 /* CoreTelephony.framework */ = {isa = PBXFileReference; lastKnownFileType = wrapper.framework; name = CoreTelephony.framework; path = System/Library/Frameworks/CoreTelephony.framework; sourceTree = SDKROOT; };
		A93C75EB17C5A92D00F3F2B1 /* SystemConfiguration.framework */ = {isa = PBXFileReference; lastKnownFileType = wrapper.framework; name = SystemConfiguration.framework; path = System/Library/Frameworks/SystemConfiguration.framework; sourceTree = SDKROOT; };
		A93C75ED17C5A93900F3F2B1 /* libz.dylib */ = {isa = PBXFileReference; lastKnownFileType = "compiled.mach-o.dylib"; name = libz.dylib; path = usr/lib/libz.dylib; sourceTree = SDKROOT; };
		A93C75F617C5B34600F3F2B1 /* MHCustomTabBarController.h */ = {isa = PBXFileReference; fileEncoding = 4; lastKnownFileType = sourcecode.c.h; name = MHCustomTabBarController.h; path = classes/MHCustomTabBarController.h; sourceTree = "<group>"; };
		A93C75F717C5B34600F3F2B1 /* MHCustomTabBarController.m */ = {isa = PBXFileReference; fileEncoding = 4; lastKnownFileType = sourcecode.c.objc; name = MHCustomTabBarController.m; path = classes/MHCustomTabBarController.m; sourceTree = "<group>"; };
		A93C75F817C5B34600F3F2B1 /* MHTabBarSegue.h */ = {isa = PBXFileReference; fileEncoding = 4; lastKnownFileType = sourcecode.c.h; name = MHTabBarSegue.h; path = classes/MHTabBarSegue.h; sourceTree = "<group>"; };
		A93C75F917C5B34600F3F2B1 /* MHTabBarSegue.m */ = {isa = PBXFileReference; fileEncoding = 4; lastKnownFileType = sourcecode.c.objc; name = MHTabBarSegue.m; path = classes/MHTabBarSegue.m; sourceTree = "<group>"; };
		A93C75FD17C5C08F00F3F2B1 /* tabbar_btn1_on@2x.png */ = {isa = PBXFileReference; lastKnownFileType = image.png; name = "tabbar_btn1_on@2x.png"; path = "assets/tabbar_btn1_on@2x.png"; sourceTree = "<group>"; };
		A93C75FE17C5C08F00F3F2B1 /* tabbar_btn1@2x.png */ = {isa = PBXFileReference; lastKnownFileType = image.png; name = "tabbar_btn1@2x.png"; path = "assets/tabbar_btn1@2x.png"; sourceTree = "<group>"; };
		A93C75FF17C5C08F00F3F2B1 /* tabbar_btn2_on@2x.png */ = {isa = PBXFileReference; lastKnownFileType = image.png; name = "tabbar_btn2_on@2x.png"; path = "assets/tabbar_btn2_on@2x.png"; sourceTree = "<group>"; };
		A93C760017C5C08F00F3F2B1 /* tabbar_btn2@2x.png */ = {isa = PBXFileReference; lastKnownFileType = image.png; name = "tabbar_btn2@2x.png"; path = "assets/tabbar_btn2@2x.png"; sourceTree = "<group>"; };
		A93C760117C5C08F00F3F2B1 /* tabbar_btn3_on@2x.png */ = {isa = PBXFileReference; lastKnownFileType = image.png; name = "tabbar_btn3_on@2x.png"; path = "assets/tabbar_btn3_on@2x.png"; sourceTree = "<group>"; };
		A93C760217C5C08F00F3F2B1 /* tabbar_btn3@2x.png */ = {isa = PBXFileReference; lastKnownFileType = image.png; name = "tabbar_btn3@2x.png"; path = "assets/tabbar_btn3@2x.png"; sourceTree = "<group>"; };
		A93C760317C5C08F00F3F2B1 /* tabbar_btn4_on@2x.png */ = {isa = PBXFileReference; lastKnownFileType = image.png; name = "tabbar_btn4_on@2x.png"; path = "assets/tabbar_btn4_on@2x.png"; sourceTree = "<group>"; };
		A93C760417C5C08F00F3F2B1 /* tabbar_btn4@2x.png */ = {isa = PBXFileReference; lastKnownFileType = image.png; name = "tabbar_btn4@2x.png"; path = "assets/tabbar_btn4@2x.png"; sourceTree = "<group>"; };
		A93C760517C5C08F00F3F2B1 /* tabbar_btn5_on@2x.png */ = {isa = PBXFileReference; lastKnownFileType = image.png; name = "tabbar_btn5_on@2x.png"; path = "assets/tabbar_btn5_on@2x.png"; sourceTree = "<group>"; };
		A93C760617C5C08F00F3F2B1 /* tabbar_btn5@2x.png */ = {isa = PBXFileReference; lastKnownFileType = image.png; name = "tabbar_btn5@2x.png"; path = "assets/tabbar_btn5@2x.png"; sourceTree = "<group>"; };
		A93C761417C5E0A100F3F2B1 /* TabBarButton.h */ = {isa = PBXFileReference; fileEncoding = 4; lastKnownFileType = sourcecode.c.h; name = TabBarButton.h; path = classes/TabBarButton.h; sourceTree = "<group>"; };
		A93C761517C5E0A100F3F2B1 /* TabBarButton.m */ = {isa = PBXFileReference; fileEncoding = 4; lastKnownFileType = sourcecode.c.objc; name = TabBarButton.m; path = classes/TabBarButton.m; sourceTree = "<group>"; };
		A93C761717C5F17000F3F2B1 /* SBTabBarSegue.h */ = {isa = PBXFileReference; fileEncoding = 4; lastKnownFileType = sourcecode.c.h; name = SBTabBarSegue.h; path = classes/SBTabBarSegue.h; sourceTree = "<group>"; };
		A93C761817C5F17000F3F2B1 /* SBTabBarSegue.m */ = {isa = PBXFileReference; fileEncoding = 4; lastKnownFileType = sourcecode.c.objc; name = SBTabBarSegue.m; path = classes/SBTabBarSegue.m; sourceTree = "<group>"; };
		A93E650F17E9884100A0E318 /* book_cell_bg_on@2x.png */ = {isa = PBXFileReference; lastKnownFileType = image.png; name = "book_cell_bg_on@2x.png"; path = "assets/book_cell_bg_on@2x.png"; sourceTree = "<group>"; };
		A93E651017E9884100A0E318 /* book_cell_bg@2x.png */ = {isa = PBXFileReference; lastKnownFileType = image.png; name = "book_cell_bg@2x.png"; path = "assets/book_cell_bg@2x.png"; sourceTree = "<group>"; };
		A93E651117E9884100A0E318 /* book_thumb@2x.png */ = {isa = PBXFileReference; lastKnownFileType = image.png; name = "book_thumb@2x.png"; path = "assets/book_thumb@2x.png"; sourceTree = "<group>"; };
		A93E651217E9884100A0E318 /* books_new_tag@2x.png */ = {isa = PBXFileReference; lastKnownFileType = image.png; name = "books_new_tag@2x.png"; path = "assets/books_new_tag@2x.png"; sourceTree = "<group>"; };
		A93E651817E9A7BA00A0E318 /* book_detail_cell_bg@2x.png */ = {isa = PBXFileReference; lastKnownFileType = image.png; name = "book_detail_cell_bg@2x.png"; path = "assets/book_detail_cell_bg@2x.png"; sourceTree = "<group>"; };
		A93E651917E9A7BA00A0E318 /* book_detail_info_bg@2x.png */ = {isa = PBXFileReference; lastKnownFileType = image.png; name = "book_detail_info_bg@2x.png"; path = "assets/book_detail_info_bg@2x.png"; sourceTree = "<group>"; };
		A93E651A17E9A7BA00A0E318 /* bule_small_btn@2x.png */ = {isa = PBXFileReference; lastKnownFileType = image.png; name = "bule_small_btn@2x.png"; path = "assets/bule_small_btn@2x.png"; sourceTree = "<group>"; };
		A975E8DE17E7F7A500C1150C /* home_bg@2x.png */ = {isa = PBXFileReference; lastKnownFileType = image.png; name = "home_bg@2x.png"; path = "assets/home_bg@2x.png"; sourceTree = "<group>"; };
		A975E8DF17E7F7A500C1150C /* home_btn_about@2x.png */ = {isa = PBXFileReference; lastKnownFileType = image.png; name = "home_btn_about@2x.png"; path = "assets/home_btn_about@2x.png"; sourceTree = "<group>"; };
		A975E8E017E7F7A500C1150C /* home_btn_book@2x.png */ = {isa = PBXFileReference; lastKnownFileType = image.png; name = "home_btn_book@2x.png"; path = "assets/home_btn_book@2x.png"; sourceTree = "<group>"; };
		A975E8E117E7F7A500C1150C /* home_btn_box@2x.png */ = {isa = PBXFileReference; lastKnownFileType = image.png; name = "home_btn_box@2x.png"; path = "assets/home_btn_box@2x.png"; sourceTree = "<group>"; };
		A975E8E217E7F7A500C1150C /* home_btn_news@2x.png */ = {isa = PBXFileReference; lastKnownFileType = image.png; name = "home_btn_news@2x.png"; path = "assets/home_btn_news@2x.png"; sourceTree = "<group>"; };
		A975E8E317E7F7A500C1150C /* home_btn_school@2x.png */ = {isa = PBXFileReference; lastKnownFileType = image.png; name = "home_btn_school@2x.png"; path = "assets/home_btn_school@2x.png"; sourceTree = "<group>"; };
		A975E8E417E7F7A500C1150C /* home_num_bg@2x.png */ = {isa = PBXFileReference; lastKnownFileType = image.png; name = "home_num_bg@2x.png"; path = "assets/home_num_bg@2x.png"; sourceTree = "<group>"; };
		A975E8ED17E8256A00C1150C /* ODRefreshControl.h */ = {isa = PBXFileReference; fileEncoding = 4; lastKnownFileType = sourcecode.c.h; name = ODRefreshControl.h; path = classes/ODRefreshControl.h; sourceTree = "<group>"; };
		A975E8EE17E8256A00C1150C /* ODRefreshControl.m */ = {isa = PBXFileReference; fileEncoding = 4; lastKnownFileType = sourcecode.c.objc; name = ODRefreshControl.m; path = classes/ODRefreshControl.m; sourceTree = "<group>"; };
		A975E8F117E832AB00C1150C /* RavenClient.h */ = {isa = PBXFileReference; fileEncoding = 4; lastKnownFileType = sourcecode.c.h; path = RavenClient.h; sourceTree = "<group>"; };
		A975E8F217E832AB00C1150C /* RavenClient.m */ = {isa = PBXFileReference; fileEncoding = 4; lastKnownFileType = sourcecode.c.objc; path = RavenClient.m; sourceTree = "<group>"; };
		A975E8F317E832AB00C1150C /* RavenClient_Private.h */ = {isa = PBXFileReference; fileEncoding = 4; lastKnownFileType = sourcecode.c.h; path = RavenClient_Private.h; sourceTree = "<group>"; };
		A975E8F417E832AB00C1150C /* RavenConfig.h */ = {isa = PBXFileReference; fileEncoding = 4; lastKnownFileType = sourcecode.c.h; path = RavenConfig.h; sourceTree = "<group>"; };
		A975E8F517E832AB00C1150C /* RavenConfig.m */ = {isa = PBXFileReference; fileEncoding = 4; lastKnownFileType = sourcecode.c.objc; path = RavenConfig.m; sourceTree = "<group>"; };
		A975E8F617E832AB00C1150C /* RavenJSONUtilities.h */ = {isa = PBXFileReference; fileEncoding = 4; lastKnownFileType = sourcecode.c.h; path = RavenJSONUtilities.h; sourceTree = "<group>"; };
		A975E8F717E832AB00C1150C /* RavenJSONUtilities.m */ = {isa = PBXFileReference; fileEncoding = 4; lastKnownFileType = sourcecode.c.objc; path = RavenJSONUtilities.m; sourceTree = "<group>"; };
		A975E8FB17E8366E00C1150C /* tobbar_bg@2x.png */ = {isa = PBXFileReference; lastKnownFileType = image.png; name = "tobbar_bg@2x.png"; path = "assets/tobbar_bg@2x.png"; sourceTree = "<group>"; };
		A975E8FD17E840F900C1150C /* news_banner@2x.png */ = {isa = PBXFileReference; lastKnownFileType = image.png; name = "news_banner@2x.png"; path = "assets/news_banner@2x.png"; sourceTree = "<group>"; };
		A975E8FE17E840F900C1150C /* news_thumb@2x.png */ = {isa = PBXFileReference; lastKnownFileType = image.png; name = "news_thumb@2x.png"; path = "assets/news_thumb@2x.png"; sourceTree = "<group>"; };
		A975E90117E84F7700C1150C /* news_new_tag@2x.png */ = {isa = PBXFileReference; lastKnownFileType = image.png; name = "news_new_tag@2x.png"; path = "assets/news_new_tag@2x.png"; sourceTree = "<group>"; };
		A975E90217E84F7700C1150C /* news_thumb_default@2x.png */ = {isa = PBXFileReference; lastKnownFileType = image.png; name = "news_thumb_default@2x.png"; path = "assets/news_thumb_default@2x.png"; sourceTree = "<group>"; };
		A983A4A517B092E9008CD259 /* zhonghan.app */ = {isa = PBXFileReference; explicitFileType = wrapper.application; includeInIndex = 0; path = zhonghan.app; sourceTree = BUILT_PRODUCTS_DIR; };
		A983A4A817B092E9008CD259 /* UIKit.framework */ = {isa = PBXFileReference; lastKnownFileType = wrapper.framework; name = UIKit.framework; path = System/Library/Frameworks/UIKit.framework; sourceTree = SDKROOT; };
		A983A4AA17B092E9008CD259 /* Foundation.framework */ = {isa = PBXFileReference; lastKnownFileType = wrapper.framework; name = Foundation.framework; path = System/Library/Frameworks/Foundation.framework; sourceTree = SDKROOT; };
		A983A4AC17B092E9008CD259 /* CoreGraphics.framework */ = {isa = PBXFileReference; lastKnownFileType = wrapper.framework; name = CoreGraphics.framework; path = System/Library/Frameworks/CoreGraphics.framework; sourceTree = SDKROOT; };
		A983A4B017B092E9008CD259 /* zhonghan-Info.plist */ = {isa = PBXFileReference; lastKnownFileType = text.plist.xml; path = "zhonghan-Info.plist"; sourceTree = "<group>"; };
		A983A4B217B092E9008CD259 /* en */ = {isa = PBXFileReference; lastKnownFileType = text.plist.strings; name = en; path = en.lproj/InfoPlist.strings; sourceTree = "<group>"; };
		A983A4B417B092E9008CD259 /* main.m */ = {isa = PBXFileReference; lastKnownFileType = sourcecode.c.objc; path = main.m; sourceTree = "<group>"; };
		A983A4B617B092E9008CD259 /* zhonghan-Prefix.pch */ = {isa = PBXFileReference; lastKnownFileType = sourcecode.c.h; path = "zhonghan-Prefix.pch"; sourceTree = "<group>"; };
		A983A4B717B092E9008CD259 /* AppDelegate.h */ = {isa = PBXFileReference; lastKnownFileType = sourcecode.c.h; path = AppDelegate.h; sourceTree = "<group>"; };
		A983A4B817B092E9008CD259 /* AppDelegate.m */ = {isa = PBXFileReference; lastKnownFileType = sourcecode.c.objc; path = AppDelegate.m; sourceTree = "<group>"; };
		A983A4BA17B092E9008CD259 /* Default.png */ = {isa = PBXFileReference; lastKnownFileType = image.png; path = Default.png; sourceTree = "<group>"; };
		A983A4BC17B092E9008CD259 /* Default@2x.png */ = {isa = PBXFileReference; lastKnownFileType = image.png; path = "Default@2x.png"; sourceTree = "<group>"; };
		A983A4BE17B092E9008CD259 /* Default-568h@2x.png */ = {isa = PBXFileReference; lastKnownFileType = image.png; path = "Default-568h@2x.png"; sourceTree = "<group>"; };
		A983A4C117B092E9008CD259 /* en */ = {isa = PBXFileReference; lastKnownFileType = file.storyboard; name = en; path = en.lproj/MainStoryboard.storyboard; sourceTree = "<group>"; };
		A98457C517B39FF900E5E07A /* HomeViewController.h */ = {isa = PBXFileReference; fileEncoding = 4; lastKnownFileType = sourcecode.c.h; name = HomeViewController.h; path = classes/HomeViewController.h; sourceTree = "<group>"; };
		A98457C617B39FFA00E5E07A /* HomeViewController.m */ = {isa = PBXFileReference; fileEncoding = 4; lastKnownFileType = sourcecode.c.objc; name = HomeViewController.m; path = classes/HomeViewController.m; sourceTree = "<group>"; };
		A98457C917B39FFA00E5E07A /* MainTabBarController.h */ = {isa = PBXFileReference; fileEncoding = 4; lastKnownFileType = sourcecode.c.h; name = MainTabBarController.h; path = classes/MainTabBarController.h; sourceTree = "<group>"; };
		A98457CA17B39FFB00E5E07A /* MainTabBarController.m */ = {isa = PBXFileReference; fileEncoding = 4; lastKnownFileType = sourcecode.c.objc; name = MainTabBarController.m; path = classes/MainTabBarController.m; sourceTree = "<group>"; };
		A98457CB17B39FFB00E5E07A /* NewsViewController.h */ = {isa = PBXFileReference; fileEncoding = 4; lastKnownFileType = sourcecode.c.h; name = NewsViewController.h; path = classes/NewsViewController.h; sourceTree = "<group>"; };
		A98457CC17B39FFB00E5E07A /* NewsViewController.m */ = {isa = PBXFileReference; fileEncoding = 4; lastKnownFileType = sourcecode.c.objc; name = NewsViewController.m; path = classes/NewsViewController.m; sourceTree = "<group>"; };
		A98457D817B3AD4000E5E07A /* REPagedScrollView.h */ = {isa = PBXFileReference; fileEncoding = 4; lastKnownFileType = sourcecode.c.h; name = REPagedScrollView.h; path = classes/REPagedScrollView.h; sourceTree = "<group>"; };
		A98457D917B3AD4000E5E07A /* REPagedScrollView.m */ = {isa = PBXFileReference; fileEncoding = 4; lastKnownFileType = sourcecode.c.objc; name = REPagedScrollView.m; path = classes/REPagedScrollView.m; sourceTree = "<group>"; };
		A98457DC17B3B81800E5E07A /* MainNavController.h */ = {isa = PBXFileReference; fileEncoding = 4; lastKnownFileType = sourcecode.c.h; path = MainNavController.h; sourceTree = "<group>"; };
		A98457DD17B3B81800E5E07A /* MainNavController.m */ = {isa = PBXFileReference; fileEncoding = 4; lastKnownFileType = sourcecode.c.objc; path = MainNavController.m; sourceTree = "<group>"; };
		A98457E317B3C85700E5E07A /* NewsCell.h */ = {isa = PBXFileReference; fileEncoding = 4; lastKnownFileType = sourcecode.c.h; name = NewsCell.h; path = classes/NewsCell.h; sourceTree = "<group>"; };
		A98457E417B3C85700E5E07A /* NewsCell.m */ = {isa = PBXFileReference; fileEncoding = 4; lastKnownFileType = sourcecode.c.objc; name = NewsCell.m; path = classes/NewsCell.m; sourceTree = "<group>"; };
		A993D56017EEDA380013A995 /* WithBackBtnViewController.h */ = {isa = PBXFileReference; fileEncoding = 4; lastKnownFileType = sourcecode.c.h; name = WithBackBtnViewController.h; path = classes/WithBackBtnViewController.h; sourceTree = "<group>"; };
		A993D56117EEDA380013A995 /* WithBackBtnViewController.m */ = {isa = PBXFileReference; fileEncoding = 4; lastKnownFileType = sourcecode.c.objc; name = WithBackBtnViewController.m; path = classes/WithBackBtnViewController.m; sourceTree = "<group>"; };
		A993D56417EEE6620013A995 /* JSONKit.h */ = {isa = PBXFileReference; fileEncoding = 4; lastKnownFileType = sourcecode.c.h; path = JSONKit.h; sourceTree = "<group>"; };
		A993D56517EEE6620013A995 /* JSONKit.m */ = {isa = PBXFileReference; fileEncoding = 4; lastKnownFileType = sourcecode.c.objc; path = JSONKit.m; sourceTree = "<group>"; };
		A993D56817EEE67A0013A995 /* TGJSBridge.bundle */ = {isa = PBXFileReference; lastKnownFileType = "wrapper.plug-in"; path = TGJSBridge.bundle; sourceTree = "<group>"; };
		A993D56917EEE67A0013A995 /* TGJSBridge.h */ = {isa = PBXFileReference; fileEncoding = 4; lastKnownFileType = sourcecode.c.h; path = TGJSBridge.h; sourceTree = "<group>"; };
		A993D56A17EEE67A0013A995 /* TGJSBridge.m */ = {isa = PBXFileReference; fileEncoding = 4; lastKnownFileType = sourcecode.c.objc; path = TGJSBridge.m; sourceTree = "<group>"; };
		A993D57217EEF3310013A995 /* about.html */ = {isa = PBXFileReference; fileEncoding = 4; lastKnownFileType = text.html; name = about.html; path = html/about.html; sourceTree = "<group>"; };
		A9E21BBB17EFD91B005C9E31 /* about_china.html */ = {isa = PBXFileReference; fileEncoding = 4; lastKnownFileType = text.html; name = about_china.html; path = html/about_china.html; sourceTree = "<group>"; };
		A9E21BBC17EFD91B005C9E31 /* about_international.html */ = {isa = PBXFileReference; fileEncoding = 4; lastKnownFileType = text.html; name = about_international.html; path = html/about_international.html; sourceTree = "<group>"; };
		A9E21BC017F00A40005C9E31 /* detail.html */ = {isa = PBXFileReference; fileEncoding = 4; lastKnownFileType = text.html; name = detail.html; path = html/detail.html; sourceTree = "<group>"; };
		A9E21BC217F00A40005C9E31 /* news_banner.png */ = {isa = PBXFileReference; lastKnownFileType = image.png; path = news_banner.png; sourceTree = "<group>"; };
		A9F9BC6317E97CF800D24786 /* back_btn_on@2x.png */ = {isa = PBXFileReference; lastKnownFileType = image.png; name = "back_btn_on@2x.png"; path = "assets/back_btn_on@2x.png"; sourceTree = "<group>"; };
		A9F9BC6417E97CF800D24786 /* back_btn@2x.png */ = {isa = PBXFileReference; lastKnownFileType = image.png; name = "back_btn@2x.png"; path = "assets/back_btn@2x.png"; sourceTree = "<group>"; };
		A9FBDE5818053839001D6204 /* AppAPIClient.h */ = {isa = PBXFileReference; fileEncoding = 4; lastKnownFileType = sourcecode.c.h; name = AppAPIClient.h; path = zhonghan/classes/AppAPIClient.h; sourceTree = SOURCE_ROOT; };
		A9FBDE5918053839001D6204 /* AppAPIClient.m */ = {isa = PBXFileReference; fileEncoding = 4; lastKnownFileType = sourcecode.c.objc; name = AppAPIClient.m; path = zhonghan/classes/AppAPIClient.m; sourceTree = SOURCE_ROOT; };
		A9FBDE5B18053A8B001D6204 /* Security.framework */ = {isa = PBXFileReference; lastKnownFileType = wrapper.framework; name = Security.framework; path = System/Library/Frameworks/Security.framework; sourceTree = SDKROOT; };
		A9FBDE5D18053A9B001D6204 /* MobileCoreServices.framework */ = {isa = PBXFileReference; lastKnownFileType = wrapper.framework; name = MobileCoreServices.framework; path = System/Library/Frameworks/MobileCoreServices.framework; sourceTree = SDKROOT; };
		A9FBDE6018054112001D6204 /* AFHTTPClient.h */ = {isa = PBXFileReference; fileEncoding = 4; lastKnownFileType = sourcecode.c.h; path = AFHTTPClient.h; sourceTree = "<group>"; };
		A9FBDE6118054112001D6204 /* AFHTTPClient.m */ = {isa = PBXFileReference; fileEncoding = 4; lastKnownFileType = sourcecode.c.objc; path = AFHTTPClient.m; sourceTree = "<group>"; };
		A9FBDE6218054112001D6204 /* AFHTTPRequestOperation.h */ = {isa = PBXFileReference; fileEncoding = 4; lastKnownFileType = sourcecode.c.h; path = AFHTTPRequestOperation.h; sourceTree = "<group>"; };
		A9FBDE6318054112001D6204 /* AFHTTPRequestOperation.m */ = {isa = PBXFileReference; fileEncoding = 4; lastKnownFileType = sourcecode.c.objc; path = AFHTTPRequestOperation.m; sourceTree = "<group>"; };
		A9FBDE6418054112001D6204 /* AFImageRequestOperation.h */ = {isa = PBXFileReference; fileEncoding = 4; lastKnownFileType = sourcecode.c.h; path = AFImageRequestOperation.h; sourceTree = "<group>"; };
		A9FBDE6518054112001D6204 /* AFImageRequestOperation.m */ = {isa = PBXFileReference; fileEncoding = 4; lastKnownFileType = sourcecode.c.objc; path = AFImageRequestOperation.m; sourceTree = "<group>"; };
		A9FBDE6618054112001D6204 /* AFJSONRequestOperation.h */ = {isa = PBXFileReference; fileEncoding = 4; lastKnownFileType = sourcecode.c.h; path = AFJSONRequestOperation.h; sourceTree = "<group>"; };
		A9FBDE6718054112001D6204 /* AFJSONRequestOperation.m */ = {isa = PBXFileReference; fileEncoding = 4; lastKnownFileType = sourcecode.c.objc; path = AFJSONRequestOperation.m; sourceTree = "<group>"; };
		A9FBDE6818054112001D6204 /* AFNetworkActivityIndicatorManager.h */ = {isa = PBXFileReference; fileEncoding = 4; lastKnownFileType = sourcecode.c.h; path = AFNetworkActivityIndicatorManager.h; sourceTree = "<group>"; };
		A9FBDE6918054112001D6204 /* AFNetworkActivityIndicatorManager.m */ = {isa = PBXFileReference; fileEncoding = 4; lastKnownFileType = sourcecode.c.objc; path = AFNetworkActivityIndicatorManager.m; sourceTree = "<group>"; };
		A9FBDE6A18054112001D6204 /* AFNetworking.h */ = {isa = PBXFileReference; fileEncoding = 4; lastKnownFileType = sourcecode.c.h; path = AFNetworking.h; sourceTree = "<group>"; };
		A9FBDE6B18054112001D6204 /* AFPropertyListRequestOperation.h */ = {isa = PBXFileReference; fileEncoding = 4; lastKnownFileType = sourcecode.c.h; path = AFPropertyListRequestOperation.h; sourceTree = "<group>"; };
		A9FBDE6C18054112001D6204 /* AFPropertyListRequestOperation.m */ = {isa = PBXFileReference; fileEncoding = 4; lastKnownFileType = sourcecode.c.objc; path = AFPropertyListRequestOperation.m; sourceTree = "<group>"; };
		A9FBDE6D18054112001D6204 /* AFURLConnectionOperation.h */ = {isa = PBXFileReference; fileEncoding = 4; lastKnownFileType = sourcecode.c.h; path = AFURLConnectionOperation.h; sourceTree = "<group>"; };
		A9FBDE6E18054112001D6204 /* AFURLConnectionOperation.m */ = {isa = PBXFileReference; fileEncoding = 4; lastKnownFileType = sourcecode.c.objc; path = AFURLConnectionOperation.m; sourceTree = "<group>"; };
		A9FBDE6F18054112001D6204 /* AFXMLRequestOperation.h */ = {isa = PBXFileReference; fileEncoding = 4; lastKnownFileType = sourcecode.c.h; path = AFXMLRequestOperation.h; sourceTree = "<group>"; };
		A9FBDE7018054112001D6204 /* AFXMLRequestOperation.m */ = {isa = PBXFileReference; fileEncoding = 4; lastKnownFileType = sourcecode.c.objc; path = AFXMLRequestOperation.m; sourceTree = "<group>"; };
		A9FBDE7118054112001D6204 /* UIImageView+AFNetworking.h */ = {isa = PBXFileReference; fileEncoding = 4; lastKnownFileType = sourcecode.c.h; path = "UIImageView+AFNetworking.h"; sourceTree = "<group>"; };
		A9FBDE7218054112001D6204 /* UIImageView+AFNetworking.m */ = {isa = PBXFileReference; fileEncoding = 4; lastKnownFileType = sourcecode.c.objc; path = "UIImageView+AFNetworking.m"; sourceTree = "<group>"; };
		A9FBDE7C1805429C001D6204 /* News.h */ = {isa = PBXFileReference; fileEncoding = 4; lastKnownFileType = sourcecode.c.h; name = News.h; path = classes/News.h; sourceTree = "<group>"; };
		A9FBDE7D1805429C001D6204 /* News.m */ = {isa = PBXFileReference; fileEncoding = 4; lastKnownFileType = sourcecode.c.objc; name = News.m; path = classes/News.m; sourceTree = "<group>"; };
		A9FBDE8118055B39001D6204 /* MJRefresh.bundle */ = {isa = PBXFileReference; lastKnownFileType = "wrapper.plug-in"; path = MJRefresh.bundle; sourceTree = "<group>"; };
		A9FBDE8218055B39001D6204 /* MJRefresh.h */ = {isa = PBXFileReference; fileEncoding = 4; lastKnownFileType = sourcecode.c.h; path = MJRefresh.h; sourceTree = "<group>"; };
		A9FBDE8318055B39001D6204 /* MJRefreshBaseView.h */ = {isa = PBXFileReference; fileEncoding = 4; lastKnownFileType = sourcecode.c.h; path = MJRefreshBaseView.h; sourceTree = "<group>"; };
		A9FBDE8418055B39001D6204 /* MJRefreshBaseView.m */ = {isa = PBXFileReference; fileEncoding = 4; lastKnownFileType = sourcecode.c.objc; path = MJRefreshBaseView.m; sourceTree = "<group>"; };
		A9FBDE8518055B3A001D6204 /* MJRefreshFooterView.h */ = {isa = PBXFileReference; fileEncoding = 4; lastKnownFileType = sourcecode.c.h; path = MJRefreshFooterView.h; sourceTree = "<group>"; };
		A9FBDE8618055B3A001D6204 /* MJRefreshFooterView.m */ = {isa = PBXFileReference; fileEncoding = 4; lastKnownFileType = sourcecode.c.objc; path = MJRefreshFooterView.m; sourceTree = "<group>"; };
		A9FBDE8718055B3A001D6204 /* MJRefreshHeaderView.h */ = {isa = PBXFileReference; fileEncoding = 4; lastKnownFileType = sourcecode.c.h; path = MJRefreshHeaderView.h; sourceTree = "<group>"; };
		A9FBDE8818055B3A001D6204 /* MJRefreshHeaderView.m */ = {isa = PBXFileReference; fileEncoding = 4; lastKnownFileType = sourcecode.c.objc; path = MJRefreshHeaderView.m; sourceTree = "<group>"; };
		A9FBDE8D180571A5001D6204 /* AVFoundation.framework */ = {isa = PBXFileReference; lastKnownFileType = wrapper.framework; name = AVFoundation.framework; path = System/Library/Frameworks/AVFoundation.framework; sourceTree = SDKROOT; };
		A9FBDE8F18057266001D6204 /* AudioToolbox.framework */ = {isa = PBXFileReference; lastKnownFileType = wrapper.framework; name = AudioToolbox.framework; path = System/Library/Frameworks/AudioToolbox.framework; sourceTree = SDKROOT; };
/* End PBXFileReference section */

/* Begin PBXFrameworksBuildPhase section */
		A983A4A217B092E9008CD259 /* Frameworks */ = {
			isa = PBXFrameworksBuildPhase;
			buildActionMask = 2147483647;
			files = (
				A9FBDE9018057266001D6204 /* AudioToolbox.framework in Frameworks */,
				A9FBDE8E180571A5001D6204 /* AVFoundation.framework in Frameworks */,
				A9FBDE5E18053A9B001D6204 /* MobileCoreServices.framework in Frameworks */,
				A9FBDE5C18053A8B001D6204 /* Security.framework in Frameworks */,
				A93C75EE17C5A93900F3F2B1 /* libz.dylib in Frameworks */,
				A93C75EC17C5A92D00F3F2B1 /* SystemConfiguration.framework in Frameworks */,
				A93C75EA17C5A92300F3F2B1 /* CoreTelephony.framework in Frameworks */,
				A92C66CB17B4920600A5D40E /* QuartzCore.framework in Frameworks */,
				A983A4A917B092E9008CD259 /* UIKit.framework in Frameworks */,
				A983A4AB17B092E9008CD259 /* Foundation.framework in Frameworks */,
				A983A4AD17B092E9008CD259 /* CoreGraphics.framework in Frameworks */,
			);
			runOnlyForDeploymentPostprocessing = 0;
		};
/* End PBXFrameworksBuildPhase section */

/* Begin PBXGroup section */
		A92C66BB17B4909100A5D40E /* DCIntrospect */ = {
			isa = PBXGroup;
			children = (
				A92C66BC17B4909200A5D40E /* DCCrossHairView.h */,
				A92C66BD17B4909200A5D40E /* DCCrossHairView.m */,
				A92C66BE17B4909200A5D40E /* DCFrameView.h */,
				A92C66BF17B4909200A5D40E /* DCFrameView.m */,
				A92C66C017B4909200A5D40E /* DCIntrospect.h */,
				A92C66C117B4909200A5D40E /* DCIntrospect.m */,
				A92C66C217B4909200A5D40E /* DCIntrospectSettings.h */,
				A92C66C317B4909200A5D40E /* DCStatusBarOverlay.h */,
				A92C66C417B4909200A5D40E /* DCStatusBarOverlay.m */,
			);
			path = DCIntrospect;
			sourceTree = "<group>";
		};
		A93C4FD717B4B58B00C10157 /* Base */ = {
			isa = PBXGroup;
			children = (
				A91D896F18155ED1001EFEA2 /* MBProgressHUD.h */,
				A91D897018155ED1001EFEA2 /* MBProgressHUD.m */,
				A9FBDE5F18054112001D6204 /* AFNetworking */,
				A9FBDE8018055B39001D6204 /* MJRefresh */,
				A993D56317EEE6620013A995 /* JSONKit */,
				A93C75F517C5B09200F3F2B1 /* CustomTabBar */,
				A98457C917B39FFA00E5E07A /* MainTabBarController.h */,
				A98457CA17B39FFB00E5E07A /* MainTabBarController.m */,
				A98457DC17B3B81800E5E07A /* MainNavController.h */,
				A98457DD17B3B81800E5E07A /* MainNavController.m */,
				A93C4FD317B499B900C10157 /* WebShowViewController.h */,
				A93C4FD417B499B900C10157 /* WebShowViewController.m */,
				A993D56017EEDA380013A995 /* WithBackBtnViewController.h */,
				A993D56117EEDA380013A995 /* WithBackBtnViewController.m */,
			);
			name = Base;
			sourceTree = "<group>";
		};
		A93C4FD817B4BA8100C10157 /* Books */ = {
			isa = PBXGroup;
			children = (
				A93C4FD917B4BAA900C10157 /* BooksViewController.h */,
				A93C4FDA17B4BAA900C10157 /* BooksViewController.m */,
				A93C4FDC17B4BAC600C10157 /* BooksCell.h */,
				A93C4FDD17B4BAC600C10157 /* BooksCell.m */,
				A93C4FDF17B4BADD00C10157 /* BooksShowViewController.h */,
				A93C4FE017B4BADD00C10157 /* BooksShowViewController.m */,
			);
			name = Books;
			sourceTree = "<group>";
		};
		A93C500E17B4D28300C10157 /* School */ = {
			isa = PBXGroup;
			children = (
				A93C500F17B4D29600C10157 /* SchoolViewController.h */,
				A93C501017B4D29600C10157 /* SchoolViewController.m */,
				A93C501217B4D2B300C10157 /* SchoolCell.h */,
				A93C501317B4D2B300C10157 /* SchoolCell.m */,
			);
			name = School;
			sourceTree = "<group>";
		};
		A93C501617B4D7FA00C10157 /* Model */ = {
			isa = PBXGroup;
			children = (
				A9FBDE5818053839001D6204 /* AppAPIClient.h */,
				A9FBDE5918053839001D6204 /* AppAPIClient.m */,
				A93C501A17B4D92400C10157 /* Books.h */,
				A93C501B17B4D92400C10157 /* Books.m */,
				A93C501D17B4D93200C10157 /* SchoolsNews.h */,
				A93C501E17B4D93200C10157 /* SchoolsNews.m */,
				A9FBDE7C1805429C001D6204 /* News.h */,
				A9FBDE7D1805429C001D6204 /* News.m */,
			);
			name = Model;
			sourceTree = "<group>";
		};
		A93C502117B4E97500C10157 /* About */ = {
			isa = PBXGroup;
			children = (
				A993D57117EEECBB0013A995 /* html */,
				A993D56717EEE67A0013A995 /* TGJSBridge */,
				A93C502217B4E9CE00C10157 /* AboutViewController.h */,
				A93C502317B4E9CE00C10157 /* AboutViewController.m */,
				A93C502517B4E9F500C10157 /* AboutInfoViewController.h */,
				A93C502617B4E9F500C10157 /* AboutInfoViewController.m */,
			);
			name = About;
			sourceTree = "<group>";
		};
		A93C75F517C5B09200F3F2B1 /* CustomTabBar */ = {
			isa = PBXGroup;
			children = (
				A93C75F617C5B34600F3F2B1 /* MHCustomTabBarController.h */,
				A93C75F717C5B34600F3F2B1 /* MHCustomTabBarController.m */,
				A93C761417C5E0A100F3F2B1 /* TabBarButton.h */,
				A93C761517C5E0A100F3F2B1 /* TabBarButton.m */,
				A93C75F817C5B34600F3F2B1 /* MHTabBarSegue.h */,
				A93C75F917C5B34600F3F2B1 /* MHTabBarSegue.m */,
				A93C761717C5F17000F3F2B1 /* SBTabBarSegue.h */,
				A93C761817C5F17000F3F2B1 /* SBTabBarSegue.m */,
			);
			name = CustomTabBar;
			sourceTree = "<group>";
		};
		A93C75FC17C5C08600F3F2B1 /* assets */ = {
			isa = PBXGroup;
			children = (
				A93E651817E9A7BA00A0E318 /* book_detail_cell_bg@2x.png */,
				A93E651917E9A7BA00A0E318 /* book_detail_info_bg@2x.png */,
				A93E651A17E9A7BA00A0E318 /* bule_small_btn@2x.png */,
				A93E650F17E9884100A0E318 /* book_cell_bg_on@2x.png */,
				A93E651017E9884100A0E318 /* book_cell_bg@2x.png */,
				A93E651117E9884100A0E318 /* book_thumb@2x.png */,
				A93E651217E9884100A0E318 /* books_new_tag@2x.png */,
				A9F9BC6317E97CF800D24786 /* back_btn_on@2x.png */,
				A9F9BC6417E97CF800D24786 /* back_btn@2x.png */,
				A975E90117E84F7700C1150C /* news_new_tag@2x.png */,
				A975E90217E84F7700C1150C /* news_thumb_default@2x.png */,
				A975E8FD17E840F900C1150C /* news_banner@2x.png */,
				A975E8FE17E840F900C1150C /* news_thumb@2x.png */,
				A975E8FB17E8366E00C1150C /* tobbar_bg@2x.png */,
				A975E8DE17E7F7A500C1150C /* home_bg@2x.png */,
				A975E8DF17E7F7A500C1150C /* home_btn_about@2x.png */,
				A975E8E017E7F7A500C1150C /* home_btn_book@2x.png */,
				A975E8E117E7F7A500C1150C /* home_btn_box@2x.png */,
				A975E8E217E7F7A500C1150C /* home_btn_news@2x.png */,
				A975E8E317E7F7A500C1150C /* home_btn_school@2x.png */,
				A975E8E417E7F7A500C1150C /* home_num_bg@2x.png */,
				A93C75FD17C5C08F00F3F2B1 /* tabbar_btn1_on@2x.png */,
				A93C75FE17C5C08F00F3F2B1 /* tabbar_btn1@2x.png */,
				A93C75FF17C5C08F00F3F2B1 /* tabbar_btn2_on@2x.png */,
				A93C760017C5C08F00F3F2B1 /* tabbar_btn2@2x.png */,
				A93C760117C5C08F00F3F2B1 /* tabbar_btn3_on@2x.png */,
				A93C760217C5C08F00F3F2B1 /* tabbar_btn3@2x.png */,
				A93C760317C5C08F00F3F2B1 /* tabbar_btn4_on@2x.png */,
				A93C760417C5C08F00F3F2B1 /* tabbar_btn4@2x.png */,
				A93C760517C5C08F00F3F2B1 /* tabbar_btn5_on@2x.png */,
				A93C760617C5C08F00F3F2B1 /* tabbar_btn5@2x.png */,
			);
			name = assets;
			sourceTree = "<group>";
		};
		A975E8F017E832AA00C1150C /* Raven */ = {
			isa = PBXGroup;
			children = (
				A975E8F117E832AB00C1150C /* RavenClient.h */,
				A975E8F217E832AB00C1150C /* RavenClient.m */,
				A975E8F317E832AB00C1150C /* RavenClient_Private.h */,
				A975E8F417E832AB00C1150C /* RavenConfig.h */,
				A975E8F517E832AB00C1150C /* RavenConfig.m */,
				A975E8F617E832AB00C1150C /* RavenJSONUtilities.h */,
				A975E8F717E832AB00C1150C /* RavenJSONUtilities.m */,
			);
			path = Raven;
			sourceTree = "<group>";
		};
		A983A49C17B092E9008CD259 = {
			isa = PBXGroup;
			children = (
				A983A4AE17B092E9008CD259 /* zhonghan */,
				A983A4A717B092E9008CD259 /* Frameworks */,
				A983A4A617B092E9008CD259 /* Products */,
			);
			sourceTree = "<group>";
		};
		A983A4A617B092E9008CD259 /* Products */ = {
			isa = PBXGroup;
			children = (
				A983A4A517B092E9008CD259 /* zhonghan.app */,
			);
			name = Products;
			sourceTree = "<group>";
		};
		A983A4A717B092E9008CD259 /* Frameworks */ = {
			isa = PBXGroup;
			children = (
				A9FBDE8F18057266001D6204 /* AudioToolbox.framework */,
				A9FBDE8D180571A5001D6204 /* AVFoundation.framework */,
				A9FBDE5D18053A9B001D6204 /* MobileCoreServices.framework */,
				A9FBDE5B18053A8B001D6204 /* Security.framework */,
				A93C75ED17C5A93900F3F2B1 /* libz.dylib */,
				A93C75EB17C5A92D00F3F2B1 /* SystemConfiguration.framework */,
				A93C75E917C5A92300F3F2B1 /* CoreTelephony.framework */,
				A92C66C917B491C100A5D40E /* QuartzCore.framework */,
				A983A4A817B092E9008CD259 /* UIKit.framework */,
				A983A4AA17B092E9008CD259 /* Foundation.framework */,
				A983A4AC17B092E9008CD259 /* CoreGraphics.framework */,
			);
			name = Frameworks;
			sourceTree = "<group>";
		};
		A983A4AE17B092E9008CD259 /* zhonghan */ = {
			isa = PBXGroup;
			children = (
				A975E8F017E832AA00C1150C /* Raven */,
				A93C502117B4E97500C10157 /* About */,
				A93C501617B4D7FA00C10157 /* Model */,
				A93C500E17B4D28300C10157 /* School */,
				A93C4FD817B4BA8100C10157 /* Books */,
				A93C4FD717B4B58B00C10157 /* Base */,
				A92C66BB17B4909100A5D40E /* DCIntrospect */,
				A98457D117B3A03900E5E07A /* Home */,
				A98457C417B39EC600E5E07A /* News */,
				A983A4B717B092E9008CD259 /* AppDelegate.h */,
				A983A4B817B092E9008CD259 /* AppDelegate.m */,
				A983A4C017B092E9008CD259 /* MainStoryboard.storyboard */,
				A91E776017F534E80055C9BB /* Images.xcassets */,
				A983A4AF17B092E9008CD259 /* Supporting Files */,
			);
			path = zhonghan;
			sourceTree = "<group>";
		};
		A983A4AF17B092E9008CD259 /* Supporting Files */ = {
			isa = PBXGroup;
			children = (
				A93C75FC17C5C08600F3F2B1 /* assets */,
				A983A4B017B092E9008CD259 /* zhonghan-Info.plist */,
				A983A4B117B092E9008CD259 /* InfoPlist.strings */,
				A983A4B417B092E9008CD259 /* main.m */,
				A983A4B617B092E9008CD259 /* zhonghan-Prefix.pch */,
				A983A4BA17B092E9008CD259 /* Default.png */,
				A983A4BC17B092E9008CD259 /* Default@2x.png */,
				A983A4BE17B092E9008CD259 /* Default-568h@2x.png */,
			);
			name = "Supporting Files";
			sourceTree = "<group>";
		};
		A98457C417B39EC600E5E07A /* News */ = {
			isa = PBXGroup;
			children = (
				A98457D817B3AD4000E5E07A /* REPagedScrollView.h */,
				A98457D917B3AD4000E5E07A /* REPagedScrollView.m */,
				A98457CB17B39FFB00E5E07A /* NewsViewController.h */,
				A98457CC17B39FFB00E5E07A /* NewsViewController.m */,
				A98457E317B3C85700E5E07A /* NewsCell.h */,
				A98457E417B3C85700E5E07A /* NewsCell.m */,
			);
			name = News;
			sourceTree = "<group>";
		};
		A98457D117B3A03900E5E07A /* Home */ = {
			isa = PBXGroup;
			children = (
				A975E8ED17E8256A00C1150C /* ODRefreshControl.h */,
				A975E8EE17E8256A00C1150C /* ODRefreshControl.m */,
				A98457C517B39FF900E5E07A /* HomeViewController.h */,
				A98457C617B39FFA00E5E07A /* HomeViewController.m */,
			);
			name = Home;
			sourceTree = "<group>";
		};
		A993D56317EEE6620013A995 /* JSONKit */ = {
			isa = PBXGroup;
			children = (
				A993D56417EEE6620013A995 /* JSONKit.h */,
				A993D56517EEE6620013A995 /* JSONKit.m */,
			);
			path = JSONKit;
			sourceTree = "<group>";
		};
		A993D56717EEE67A0013A995 /* TGJSBridge */ = {
			isa = PBXGroup;
			children = (
				A993D56817EEE67A0013A995 /* TGJSBridge.bundle */,
				A993D56917EEE67A0013A995 /* TGJSBridge.h */,
				A993D56A17EEE67A0013A995 /* TGJSBridge.m */,
			);
			path = TGJSBridge;
			sourceTree = "<group>";
		};
		A993D57117EEECBB0013A995 /* html */ = {
			isa = PBXGroup;
			children = (
				A9E21BC017F00A40005C9E31 /* detail.html */,
				A9E21BC117F00A40005C9E31 /* img */,
				A9E21BBB17EFD91B005C9E31 /* about_china.html */,
				A9E21BBC17EFD91B005C9E31 /* about_international.html */,
				A993D57217EEF3310013A995 /* about.html */,
			);
			name = html;
			sourceTree = "<group>";
		};
		A9E21BC117F00A40005C9E31 /* img */ = {
			isa = PBXGroup;
			children = (
				A9E21BC217F00A40005C9E31 /* news_banner.png */,
			);
			name = img;
			path = html/img;
			sourceTree = "<group>";
		};
		A9FBDE5F18054112001D6204 /* AFNetworking */ = {
			isa = PBXGroup;
			children = (
				A9FBDE6018054112001D6204 /* AFHTTPClient.h */,
				A9FBDE6118054112001D6204 /* AFHTTPClient.m */,
				A9FBDE6218054112001D6204 /* AFHTTPRequestOperation.h */,
				A9FBDE6318054112001D6204 /* AFHTTPRequestOperation.m */,
				A9FBDE6418054112001D6204 /* AFImageRequestOperation.h */,
				A9FBDE6518054112001D6204 /* AFImageRequestOperation.m */,
				A9FBDE6618054112001D6204 /* AFJSONRequestOperation.h */,
				A9FBDE6718054112001D6204 /* AFJSONRequestOperation.m */,
				A9FBDE6818054112001D6204 /* AFNetworkActivityIndicatorManager.h */,
				A9FBDE6918054112001D6204 /* AFNetworkActivityIndicatorManager.m */,
				A9FBDE6A18054112001D6204 /* AFNetworking.h */,
				A9FBDE6B18054112001D6204 /* AFPropertyListRequestOperation.h */,
				A9FBDE6C18054112001D6204 /* AFPropertyListRequestOperation.m */,
				A9FBDE6D18054112001D6204 /* AFURLConnectionOperation.h */,
				A9FBDE6E18054112001D6204 /* AFURLConnectionOperation.m */,
				A9FBDE6F18054112001D6204 /* AFXMLRequestOperation.h */,
				A9FBDE7018054112001D6204 /* AFXMLRequestOperation.m */,
				A9FBDE7118054112001D6204 /* UIImageView+AFNetworking.h */,
				A9FBDE7218054112001D6204 /* UIImageView+AFNetworking.m */,
			);
			path = AFNetworking;
			sourceTree = "<group>";
		};
		A9FBDE8018055B39001D6204 /* MJRefresh */ = {
			isa = PBXGroup;
			children = (
				A9FBDE8118055B39001D6204 /* MJRefresh.bundle */,
				A9FBDE8218055B39001D6204 /* MJRefresh.h */,
				A9FBDE8318055B39001D6204 /* MJRefreshBaseView.h */,
				A9FBDE8418055B39001D6204 /* MJRefreshBaseView.m */,
				A9FBDE8518055B3A001D6204 /* MJRefreshFooterView.h */,
				A9FBDE8618055B3A001D6204 /* MJRefreshFooterView.m */,
				A9FBDE8718055B3A001D6204 /* MJRefreshHeaderView.h */,
				A9FBDE8818055B3A001D6204 /* MJRefreshHeaderView.m */,
			);
			path = MJRefresh;
			sourceTree = "<group>";
		};
/* End PBXGroup section */

/* Begin PBXNativeTarget section */
		A983A4A417B092E9008CD259 /* zhonghan */ = {
			isa = PBXNativeTarget;
			buildConfigurationList = A983A4D317B092E9008CD259 /* Build configuration list for PBXNativeTarget "zhonghan" */;
			buildPhases = (
				A983A4A117B092E9008CD259 /* Sources */,
				A983A4A217B092E9008CD259 /* Frameworks */,
				A983A4A317B092E9008CD259 /* Resources */,
			);
			buildRules = (
			);
			dependencies = (
			);
			name = zhonghan;
			productName = zhonghan;
			productReference = A983A4A517B092E9008CD259 /* zhonghan.app */;
			productType = "com.apple.product-type.application";
		};
/* End PBXNativeTarget section */

/* Begin PBXProject section */
		A983A49D17B092E9008CD259 /* Project object */ = {
			isa = PBXProject;
			attributes = {
				LastUpgradeCheck = 0460;
				ORGANIZATIONNAME = xiangpaopao;
				TargetAttributes = {
					A983A4A417B092E9008CD259 = {
						DevelopmentTeam = QBHE7996Q5;
					};
				};
			};
			buildConfigurationList = A983A4A017B092E9008CD259 /* Build configuration list for PBXProject "zhonghan" */;
			compatibilityVersion = "Xcode 3.2";
			developmentRegion = English;
			hasScannedForEncodings = 0;
			knownRegions = (
				en,
			);
			mainGroup = A983A49C17B092E9008CD259;
			productRefGroup = A983A4A617B092E9008CD259 /* Products */;
			projectDirPath = "";
			projectRoot = "";
			targets = (
				A983A4A417B092E9008CD259 /* zhonghan */,
			);
		};
/* End PBXProject section */

/* Begin PBXResourcesBuildPhase section */
		A983A4A317B092E9008CD259 /* Resources */ = {
			isa = PBXResourcesBuildPhase;
			buildActionMask = 2147483647;
			files = (
				A983A4B317B092E9008CD259 /* InfoPlist.strings in Resources */,
				A983A4BB17B092E9008CD259 /* Default.png in Resources */,
				A983A4BD17B092E9008CD259 /* Default@2x.png in Resources */,
				A983A4BF17B092E9008CD259 /* Default-568h@2x.png in Resources */,
				A983A4C217B092E9008CD259 /* MainStoryboard.storyboard in Resources */,
				A93C760717C5C08F00F3F2B1 /* tabbar_btn1_on@2x.png in Resources */,
				A93C760817C5C08F00F3F2B1 /* tabbar_btn1@2x.png in Resources */,
				A93C760917C5C08F00F3F2B1 /* tabbar_btn2_on@2x.png in Resources */,
				A93C760A17C5C08F00F3F2B1 /* tabbar_btn2@2x.png in Resources */,
				A93C760B17C5C08F00F3F2B1 /* tabbar_btn3_on@2x.png in Resources */,
				A93C760C17C5C08F00F3F2B1 /* tabbar_btn3@2x.png in Resources */,
				A9E21BC317F00A40005C9E31 /* detail.html in Resources */,
				A93C760D17C5C08F00F3F2B1 /* tabbar_btn4_on@2x.png in Resources */,
				A993D57317EEF3310013A995 /* about.html in Resources */,
				A9E21BC417F00A40005C9E31 /* news_banner.png in Resources */,
				A93C760E17C5C08F00F3F2B1 /* tabbar_btn4@2x.png in Resources */,
				A93C760F17C5C08F00F3F2B1 /* tabbar_btn5_on@2x.png in Resources */,
				A93C761017C5C08F00F3F2B1 /* tabbar_btn5@2x.png in Resources */,
				A9FBDE8918055B3A001D6204 /* MJRefresh.bundle in Resources */,
				A975E8E517E7F7A500C1150C /* home_bg@2x.png in Resources */,
				A975E8E617E7F7A500C1150C /* home_btn_about@2x.png in Resources */,
				A975E8E717E7F7A500C1150C /* home_btn_book@2x.png in Resources */,
				A975E8E817E7F7A500C1150C /* home_btn_box@2x.png in Resources */,
				A975E8E917E7F7A500C1150C /* home_btn_news@2x.png in Resources */,
				A975E8EA17E7F7A500C1150C /* home_btn_school@2x.png in Resources */,
				A91E776117F534E80055C9BB /* Images.xcassets in Resources */,
				A975E8EB17E7F7A500C1150C /* home_num_bg@2x.png in Resources */,
				A975E8FC17E8366E00C1150C /* tobbar_bg@2x.png in Resources */,
				A975E8FF17E840F900C1150C /* news_banner@2x.png in Resources */,
				A975E90017E840F900C1150C /* news_thumb@2x.png in Resources */,
				A9E21BBD17EFD91B005C9E31 /* about_china.html in Resources */,
				A975E90317E84F7700C1150C /* news_new_tag@2x.png in Resources */,
				A975E90417E84F7700C1150C /* news_thumb_default@2x.png in Resources */,
				A9E21BBE17EFD91B005C9E31 /* about_international.html in Resources */,
				A9F9BC6517E97CF800D24786 /* back_btn_on@2x.png in Resources */,
				A9F9BC6617E97CF800D24786 /* back_btn@2x.png in Resources */,
				A993D56B17EEE67A0013A995 /* TGJSBridge.bundle in Resources */,
				A93E651317E9884100A0E318 /* book_cell_bg_on@2x.png in Resources */,
				A93E651417E9884100A0E318 /* book_cell_bg@2x.png in Resources */,
				A93E651517E9884100A0E318 /* book_thumb@2x.png in Resources */,
				A93E651617E9884100A0E318 /* books_new_tag@2x.png in Resources */,
				A93E651B17E9A7BA00A0E318 /* book_detail_cell_bg@2x.png in Resources */,
				A93E651C17E9A7BA00A0E318 /* book_detail_info_bg@2x.png in Resources */,
				A93E651D17E9A7BA00A0E318 /* bule_small_btn@2x.png in Resources */,
			);
			runOnlyForDeploymentPostprocessing = 0;
		};
/* End PBXResourcesBuildPhase section */

/* Begin PBXSourcesBuildPhase section */
		A983A4A117B092E9008CD259 /* Sources */ = {
			isa = PBXSourcesBuildPhase;
			buildActionMask = 2147483647;
			files = (
				A9FBDE7418054112001D6204 /* AFHTTPRequestOperation.m in Sources */,
				A9FBDE8C18055B3A001D6204 /* MJRefreshHeaderView.m in Sources */,
				A983A4B517B092E9008CD259 /* main.m in Sources */,
				A9FBDE7518054112001D6204 /* AFImageRequestOperation.m in Sources */,
				A983A4B917B092E9008CD259 /* AppDelegate.m in Sources */,
				A98457CD17B39FFC00E5E07A /* HomeViewController.m in Sources */,
				A98457CF17B39FFC00E5E07A /* MainTabBarController.m in Sources */,
				A9FBDE5A18053839001D6204 /* AppAPIClient.m in Sources */,
				A9FBDE7318054112001D6204 /* AFHTTPClient.m in Sources */,
				A98457D017B39FFC00E5E07A /* NewsViewController.m in Sources */,
				A98457DA17B3AD4000E5E07A /* REPagedScrollView.m in Sources */,
				A993D56617EEE6620013A995 /* JSONKit.m in Sources */,
				A98457DE17B3B81800E5E07A /* MainNavController.m in Sources */,
				A993D56C17EEE67A0013A995 /* TGJSBridge.m in Sources */,
				A98457E517B3C85700E5E07A /* NewsCell.m in Sources */,
				A92C66C517B4909200A5D40E /* DCCrossHairView.m in Sources */,
				A92C66C617B4909200A5D40E /* DCFrameView.m in Sources */,
				A92C66C717B4909200A5D40E /* DCIntrospect.m in Sources */,
				A92C66C817B4909200A5D40E /* DCStatusBarOverlay.m in Sources */,
				A9FBDE7818054112001D6204 /* AFPropertyListRequestOperation.m in Sources */,
				A9FBDE7918054112001D6204 /* AFURLConnectionOperation.m in Sources */,
				A93C4FD517B499B900C10157 /* WebShowViewController.m in Sources */,
				A93C4FDB17B4BAA900C10157 /* BooksViewController.m in Sources */,
				A93C4FDE17B4BAC600C10157 /* BooksCell.m in Sources */,
				A9FBDE7B18054112001D6204 /* UIImageView+AFNetworking.m in Sources */,
				A93C4FE117B4BADD00C10157 /* BooksShowViewController.m in Sources */,
				A9FBDE7618054112001D6204 /* AFJSONRequestOperation.m in Sources */,
				A93C501117B4D29600C10157 /* SchoolViewController.m in Sources */,
				A993D56217EEDA380013A995 /* WithBackBtnViewController.m in Sources */,
				A93C501417B4D2B300C10157 /* SchoolCell.m in Sources */,
				A93C501C17B4D92400C10157 /* Books.m in Sources */,
				A91D897118155ED1001EFEA2 /* MBProgressHUD.m in Sources */,
				A93C501F17B4D93200C10157 /* SchoolsNews.m in Sources */,
				A93C502417B4E9CE00C10157 /* AboutViewController.m in Sources */,
				A9FBDE8B18055B3A001D6204 /* MJRefreshFooterView.m in Sources */,
				A93C502717B4E9F500C10157 /* AboutInfoViewController.m in Sources */,
				A9FBDE8A18055B3A001D6204 /* MJRefreshBaseView.m in Sources */,
				A93C75FA17C5B34600F3F2B1 /* MHCustomTabBarController.m in Sources */,
				A93C75FB17C5B34600F3F2B1 /* MHTabBarSegue.m in Sources */,
				A9FBDE7A18054112001D6204 /* AFXMLRequestOperation.m in Sources */,
				A93C761617C5E0A100F3F2B1 /* TabBarButton.m in Sources */,
				A93C761917C5F17000F3F2B1 /* SBTabBarSegue.m in Sources */,
				A975E8EF17E8256A00C1150C /* ODRefreshControl.m in Sources */,
				A9FBDE7718054112001D6204 /* AFNetworkActivityIndicatorManager.m in Sources */,
				A975E8F817E832AB00C1150C /* RavenClient.m in Sources */,
				A975E8F917E832AB00C1150C /* RavenConfig.m in Sources */,
				A9FBDE7E1805429C001D6204 /* News.m in Sources */,
				A975E8FA17E832AB00C1150C /* RavenJSONUtilities.m in Sources */,
			);
			runOnlyForDeploymentPostprocessing = 0;
		};
/* End PBXSourcesBuildPhase section */

/* Begin PBXVariantGroup section */
		A983A4B117B092E9008CD259 /* InfoPlist.strings */ = {
			isa = PBXVariantGroup;
			children = (
				A983A4B217B092E9008CD259 /* en */,
			);
			name = InfoPlist.strings;
			sourceTree = "<group>";
		};
		A983A4C017B092E9008CD259 /* MainStoryboard.storyboard */ = {
			isa = PBXVariantGroup;
			children = (
				A983A4C117B092E9008CD259 /* en */,
			);
			name = MainStoryboard.storyboard;
			sourceTree = "<group>";
		};
/* End PBXVariantGroup section */

/* Begin XCBuildConfiguration section */
		A983A4D117B092E9008CD259 /* Debug */ = {
			isa = XCBuildConfiguration;
			buildSettings = {
				ALWAYS_SEARCH_USER_PATHS = NO;
				CLANG_CXX_LANGUAGE_STANDARD = "gnu++0x";
				CLANG_CXX_LIBRARY = "libc++";
				CLANG_ENABLE_OBJC_ARC = YES;
				CLANG_WARN_CONSTANT_CONVERSION = YES;
				CLANG_WARN_EMPTY_BODY = YES;
				CLANG_WARN_ENUM_CONVERSION = YES;
				CLANG_WARN_INT_CONVERSION = YES;
				CLANG_WARN__DUPLICATE_METHOD_MATCH = YES;
				"CODE_SIGN_IDENTITY[sdk=iphoneos*]" = "iPhone Developer";
				COPY_PHASE_STRIP = NO;
				GCC_C_LANGUAGE_STANDARD = gnu99;
				GCC_DYNAMIC_NO_PIC = NO;
				GCC_OPTIMIZATION_LEVEL = 0;
				GCC_PREPROCESSOR_DEFINITIONS = (
					"DEBUG=1",
					"$(inherited)",
				);
				GCC_SYMBOLS_PRIVATE_EXTERN = NO;
				GCC_WARN_ABOUT_RETURN_TYPE = YES;
				GCC_WARN_UNINITIALIZED_AUTOS = YES;
				GCC_WARN_UNUSED_VARIABLE = YES;
				IPHONEOS_DEPLOYMENT_TARGET = 6.0;
				ONLY_ACTIVE_ARCH = YES;
				SDKROOT = iphoneos;
			};
			name = Debug;
		};
		A983A4D217B092E9008CD259 /* Release */ = {
			isa = XCBuildConfiguration;
			buildSettings = {
				ALWAYS_SEARCH_USER_PATHS = NO;
				CLANG_CXX_LANGUAGE_STANDARD = "gnu++0x";
				CLANG_CXX_LIBRARY = "libc++";
				CLANG_ENABLE_OBJC_ARC = YES;
				CLANG_WARN_CONSTANT_CONVERSION = YES;
				CLANG_WARN_EMPTY_BODY = YES;
				CLANG_WARN_ENUM_CONVERSION = YES;
				CLANG_WARN_INT_CONVERSION = YES;
				CLANG_WARN__DUPLICATE_METHOD_MATCH = YES;
				"CODE_SIGN_IDENTITY[sdk=iphoneos*]" = "iPhone Developer";
				COPY_PHASE_STRIP = YES;
				GCC_C_LANGUAGE_STANDARD = gnu99;
				GCC_WARN_ABOUT_RETURN_TYPE = YES;
				GCC_WARN_UNINITIALIZED_AUTOS = YES;
				GCC_WARN_UNUSED_VARIABLE = YES;
				IPHONEOS_DEPLOYMENT_TARGET = 6.0;
				OTHER_CFLAGS = "-DNS_BLOCK_ASSERTIONS=1";
				SDKROOT = iphoneos;
				VALIDATE_PRODUCT = YES;
			};
			name = Release;
		};
		A983A4D417B092E9008CD259 /* Debug */ = {
			isa = XCBuildConfiguration;
			buildSettings = {
				ASSETCATALOG_COMPILER_APPICON_NAME = AppIcon;
				ASSETCATALOG_COMPILER_LAUNCHIMAGE_NAME = LaunchImage;
				CODE_SIGN_IDENTITY = "iPhone Developer";
				"CODE_SIGN_IDENTITY[sdk=iphoneos*]" = "iPhone Developer";
				FRAMEWORK_SEARCH_PATHS = (
					"$(inherited)",
					"\"$(SRCROOT)\"",
				);
				GCC_PRECOMPILE_PREFIX_HEADER = YES;
				GCC_PREFIX_HEADER = "zhonghan/zhonghan-Prefix.pch";
				INFOPLIST_FILE = "zhonghan/zhonghan-Info.plist";
				IPHONEOS_DEPLOYMENT_TARGET = 6.0;
				PRODUCT_NAME = "$(TARGET_NAME)";
				PROVISIONING_PROFILE = "";
				TARGETED_DEVICE_FAMILY = 1;
				WRAPPER_EXTENSION = app;
			};
			name = Debug;
		};
		A983A4D517B092E9008CD259 /* Release */ = {
			isa = XCBuildConfiguration;
			buildSettings = {
				ASSETCATALOG_COMPILER_APPICON_NAME = AppIcon;
				ASSETCATALOG_COMPILER_LAUNCHIMAGE_NAME = LaunchImage;
				CODE_SIGN_IDENTITY = "iPhone Developer";
				"CODE_SIGN_IDENTITY[sdk=iphoneos*]" = "iPhone Developer";
				FRAMEWORK_SEARCH_PATHS = (
					"$(inherited)",
					"\"$(SRCROOT)\"",
				);
				GCC_PRECOMPILE_PREFIX_HEADER = YES;
				GCC_PREFIX_HEADER = "zhonghan/zhonghan-Prefix.pch";
				INFOPLIST_FILE = "zhonghan/zhonghan-Info.plist";
				IPHONEOS_DEPLOYMENT_TARGET = 6.0;
				PRODUCT_NAME = "$(TARGET_NAME)";
				PROVISIONING_PROFILE = "";
				TARGETED_DEVICE_FAMILY = 1;
				WRAPPER_EXTENSION = app;
			};
			name = Release;
		};
/* End XCBuildConfiguration section */

/* Begin XCConfigurationList section */
		A983A4A017B092E9008CD259 /* Build configuration list for PBXProject "zhonghan" */ = {
			isa = XCConfigurationList;
			buildConfigurations = (
				A983A4D117B092E9008CD259 /* Debug */,
				A983A4D217B092E9008CD259 /* Release */,
			);
			defaultConfigurationIsVisible = 0;
			defaultConfigurationName = Release;
		};
		A983A4D317B092E9008CD259 /* Build configuration list for PBXNativeTarget "zhonghan" */ = {
			isa = XCConfigurationList;
			buildConfigurations = (
				A983A4D417B092E9008CD259 /* Debug */,
				A983A4D517B092E9008CD259 /* Release */,
			);
			defaultConfigurationIsVisible = 0;
			defaultConfigurationName = Release;
		};
/* End XCConfigurationList section */
	};
	rootObject = A983A49D17B092E9008CD259 /* Project object */;
}
